{
    "version": 3,
    "terraform_version": "0.11.8",
    "serial": 37,
    "lineage": "d82f2f65-972d-2da0-9293-401f37a20261",
    "modules": [
        {
            "path": [
                "root"
            ],
            "outputs": {
                "aws_autoscaling_group": {
                    "sensitive": false,
                    "type": "string",
                    "value": "Webapp-dev-jenkins"
                },
                "elb_dns_name": {
                    "sensitive": false,
                    "type": "string",
                    "value": "internal-Webapp-dev-pub-elb-1599390202.us-west-2.elb.amazonaws.com"
                },
                "jenkins_ebs_volume_id": {
                    "sensitive": false,
                    "type": "string",
                    "value": "arn:aws:ec2:us-west-2:568065941114:volume/vol-0f79f9dcd3f33dcc9"
                },
                "jenkins_r53_dns_name": {
                    "sensitive": false,
                    "type": "string",
                    "value": "dev.jenkins.devops.elliemae.io"
                }
            },
            "resources": {
                "aws_alb_listener.listenerHttp": {
                    "type": "aws_alb_listener",
                    "depends_on": [
                        "aws_alb_target_group.tgHttp",
                        "aws_lb.alb"
                    ],
                    "primary": {
                        "id": "arn:aws:elasticloadbalancing:us-west-2:568065941114:listener/app/Webapp-dev-pub-elb/36bccc619e2e2d32/7e04c2fa945ff576",
                        "attributes": {
                            "arn": "arn:aws:elasticloadbalancing:us-west-2:568065941114:listener/app/Webapp-dev-pub-elb/36bccc619e2e2d32/7e04c2fa945ff576",
                            "default_action.#": "1",
                            "default_action.0.authenticate_cognito.#": "0",
                            "default_action.0.authenticate_oidc.#": "0",
                            "default_action.0.fixed_response.#": "0",
                            "default_action.0.order": "0",
                            "default_action.0.redirect.#": "0",
                            "default_action.0.target_group_arn": "arn:aws:elasticloadbalancing:us-west-2:568065941114:targetgroup/tf-20181016223745039400000003/52cfa8678186ab7a",
                            "default_action.0.type": "forward",
                            "id": "arn:aws:elasticloadbalancing:us-west-2:568065941114:listener/app/Webapp-dev-pub-elb/36bccc619e2e2d32/7e04c2fa945ff576",
                            "load_balancer_arn": "arn:aws:elasticloadbalancing:us-west-2:568065941114:loadbalancer/app/Webapp-dev-pub-elb/36bccc619e2e2d32",
                            "port": "80",
                            "protocol": "HTTP",
                            "ssl_policy": ""
                        },
                        "meta": {
                            "e2bfb730-ecaa-11e6-8f88-34363bc7c4c0": {
                                "read": 600000000000
                            }
                        },
                        "tainted": false
                    },
                    "deposed": [],
                    "provider": "provider.aws"
                },
                "aws_alb_listener.listenerHttps": {
                    "type": "aws_alb_listener",
                    "depends_on": [
                        "aws_alb_target_group.tgHttp",
                        "aws_lb.alb"
                    ],
                    "primary": {
                        "id": "arn:aws:elasticloadbalancing:us-west-2:568065941114:listener/app/Webapp-dev-pub-elb/36bccc619e2e2d32/bdf03069445aff4e",
                        "attributes": {
                            "arn": "arn:aws:elasticloadbalancing:us-west-2:568065941114:listener/app/Webapp-dev-pub-elb/36bccc619e2e2d32/bdf03069445aff4e",
                            "certificate_arn": "arn:aws:acm:us-west-2:568065941114:certificate/3d7be649-e502-4c42-9c6e-556df048afbb",
                            "default_action.#": "1",
                            "default_action.0.authenticate_cognito.#": "0",
                            "default_action.0.authenticate_oidc.#": "0",
                            "default_action.0.fixed_response.#": "0",
                            "default_action.0.order": "0",
                            "default_action.0.redirect.#": "0",
                            "default_action.0.target_group_arn": "arn:aws:elasticloadbalancing:us-west-2:568065941114:targetgroup/tf-20181016223745039400000003/52cfa8678186ab7a",
                            "default_action.0.type": "forward",
                            "id": "arn:aws:elasticloadbalancing:us-west-2:568065941114:listener/app/Webapp-dev-pub-elb/36bccc619e2e2d32/bdf03069445aff4e",
                            "load_balancer_arn": "arn:aws:elasticloadbalancing:us-west-2:568065941114:loadbalancer/app/Webapp-dev-pub-elb/36bccc619e2e2d32",
                            "port": "443",
                            "protocol": "HTTPS",
                            "ssl_policy": "ELBSecurityPolicy-2016-08"
                        },
                        "meta": {
                            "e2bfb730-ecaa-11e6-8f88-34363bc7c4c0": {
                                "read": 600000000000
                            }
                        },
                        "tainted": false
                    },
                    "deposed": [],
                    "provider": "provider.aws"
                },
                "aws_alb_listener_rule.listener_rule_http": {
                    "type": "aws_alb_listener_rule",
                    "depends_on": [
                        "aws_alb_listener.listenerHttp",
                        "aws_alb_target_group.tgHttp"
                    ],
                    "primary": {
                        "id": "arn:aws:elasticloadbalancing:us-west-2:568065941114:listener-rule/app/Webapp-dev-pub-elb/36bccc619e2e2d32/7e04c2fa945ff576/459de8c4535a6974",
                        "attributes": {
                            "action.#": "1",
                            "action.0.authenticate_cognito.#": "0",
                            "action.0.authenticate_oidc.#": "0",
                            "action.0.fixed_response.#": "0",
                            "action.0.order": "0",
                            "action.0.redirect.#": "0",
                            "action.0.target_group_arn": "arn:aws:elasticloadbalancing:us-west-2:568065941114:targetgroup/tf-20181016223745039400000003/52cfa8678186ab7a",
                            "action.0.type": "forward",
                            "arn": "arn:aws:elasticloadbalancing:us-west-2:568065941114:listener-rule/app/Webapp-dev-pub-elb/36bccc619e2e2d32/7e04c2fa945ff576/459de8c4535a6974",
                            "condition.#": "1",
                            "condition.2611135190.field": "path-pattern",
                            "condition.2611135190.values.#": "1",
                            "condition.2611135190.values.0": "/*",
                            "id": "arn:aws:elasticloadbalancing:us-west-2:568065941114:listener-rule/app/Webapp-dev-pub-elb/36bccc619e2e2d32/7e04c2fa945ff576/459de8c4535a6974",
                            "listener_arn": "arn:aws:elasticloadbalancing:us-west-2:568065941114:listener/app/Webapp-dev-pub-elb/36bccc619e2e2d32/7e04c2fa945ff576",
                            "priority": "100"
                        },
                        "meta": {},
                        "tainted": false
                    },
                    "deposed": [],
                    "provider": "provider.aws"
                },
                "aws_alb_listener_rule.listener_rule_https": {
                    "type": "aws_alb_listener_rule",
                    "depends_on": [
                        "aws_alb_listener.listenerHttps",
                        "aws_alb_target_group.tgHttp"
                    ],
                    "primary": {
                        "id": "arn:aws:elasticloadbalancing:us-west-2:568065941114:listener-rule/app/Webapp-dev-pub-elb/36bccc619e2e2d32/bdf03069445aff4e/87a2ebe51947fb39",
                        "attributes": {
                            "action.#": "1",
                            "action.0.authenticate_cognito.#": "0",
                            "action.0.authenticate_oidc.#": "0",
                            "action.0.fixed_response.#": "0",
                            "action.0.order": "0",
                            "action.0.redirect.#": "0",
                            "action.0.target_group_arn": "arn:aws:elasticloadbalancing:us-west-2:568065941114:targetgroup/tf-20181016223745039400000003/52cfa8678186ab7a",
                            "action.0.type": "forward",
                            "arn": "arn:aws:elasticloadbalancing:us-west-2:568065941114:listener-rule/app/Webapp-dev-pub-elb/36bccc619e2e2d32/bdf03069445aff4e/87a2ebe51947fb39",
                            "condition.#": "1",
                            "condition.2611135190.field": "path-pattern",
                            "condition.2611135190.values.#": "1",
                            "condition.2611135190.values.0": "/*",
                            "id": "arn:aws:elasticloadbalancing:us-west-2:568065941114:listener-rule/app/Webapp-dev-pub-elb/36bccc619e2e2d32/bdf03069445aff4e/87a2ebe51947fb39",
                            "listener_arn": "arn:aws:elasticloadbalancing:us-west-2:568065941114:listener/app/Webapp-dev-pub-elb/36bccc619e2e2d32/bdf03069445aff4e",
                            "priority": "100"
                        },
                        "meta": {},
                        "tainted": false
                    },
                    "deposed": [],
                    "provider": "provider.aws"
                },
                "aws_alb_target_group.tgHttp": {
                    "type": "aws_alb_target_group",
                    "depends_on": [
                        "data.aws_vpc.elmae"
                    ],
                    "primary": {
                        "id": "arn:aws:elasticloadbalancing:us-west-2:568065941114:targetgroup/tf-20181016223745039400000003/52cfa8678186ab7a",
                        "attributes": {
                            "arn": "arn:aws:elasticloadbalancing:us-west-2:568065941114:targetgroup/tf-20181016223745039400000003/52cfa8678186ab7a",
                            "arn_suffix": "targetgroup/tf-20181016223745039400000003/52cfa8678186ab7a",
                            "deregistration_delay": "300",
                            "health_check.#": "1",
                            "health_check.0.healthy_threshold": "2",
                            "health_check.0.interval": "15",
                            "health_check.0.matcher": "200",
                            "health_check.0.path": "/",
                            "health_check.0.port": "traffic-port",
                            "health_check.0.protocol": "HTTP",
                            "health_check.0.timeout": "3",
                            "health_check.0.unhealthy_threshold": "5",
                            "id": "arn:aws:elasticloadbalancing:us-west-2:568065941114:targetgroup/tf-20181016223745039400000003/52cfa8678186ab7a",
                            "name": "tf-20181016223745039400000003",
                            "port": "80",
                            "protocol": "HTTP",
                            "proxy_protocol_v2": "false",
                            "slow_start": "0",
                            "stickiness.#": "1",
                            "stickiness.0.cookie_duration": "86400",
                            "stickiness.0.enabled": "false",
                            "stickiness.0.type": "lb_cookie",
                            "tags.%": "0",
                            "target_type": "instance",
                            "vpc_id": "vpc-ee7e9588"
                        },
                        "meta": {},
                        "tainted": false
                    },
                    "deposed": [],
                    "provider": "provider.aws"
                },
                "aws_autoscaling_group.webapp_v1": {
                    "type": "aws_autoscaling_group",
                    "depends_on": [
                        "aws_alb_target_group.tgHttp",
                        "aws_launch_configuration.launchWebapp",
                        "data.aws_subnet.private_subnet_0",
                        "data.aws_subnet.private_subnet_1",
                        "data.aws_subnet.private_subnet_2"
                    ],
                    "primary": {
                        "id": "Webapp-dev-jenkins",
                        "attributes": {
                            "arn": "arn:aws:autoscaling:us-west-2:568065941114:autoScalingGroup:c1bb9fbd-7d15-4e9c-b3b4-f639779de4a6:autoScalingGroupName/Webapp-dev-jenkins",
                            "availability_zones.#": "3",
                            "availability_zones.2050015877": "us-west-2c",
                            "availability_zones.221770259": "us-west-2b",
                            "availability_zones.2487133097": "us-west-2a",
                            "default_cooldown": "600",
                            "desired_capacity": "1",
                            "enabled_metrics.#": "5",
                            "enabled_metrics.1940933563": "GroupTotalInstances",
                            "enabled_metrics.3394537085": "GroupDesiredCapacity",
                            "enabled_metrics.3551801763": "GroupInServiceInstances",
                            "enabled_metrics.4118539418": "GroupMinSize",
                            "enabled_metrics.4136111317": "GroupMaxSize",
                            "force_delete": "false",
                            "health_check_grace_period": "900",
                            "health_check_type": "ELB",
                            "id": "Webapp-dev-jenkins",
                            "launch_configuration": "terraform-20181016223756658900000008",
                            "launch_template.#": "0",
                            "load_balancers.#": "0",
                            "max_size": "1",
                            "metrics_granularity": "1Minute",
                            "min_size": "1",
                            "name": "Webapp-dev-jenkins",
                            "placement_group": "",
                            "protect_from_scale_in": "false",
                            "service_linked_role_arn": "arn:aws:iam::568065941114:role/aws-service-role/autoscaling.amazonaws.com/AWSServiceRoleForAutoScaling",
                            "suspended_processes.#": "0",
                            "tags.#": "8",
                            "tags.0.%": "3",
                            "tags.0.key": "Name",
                            "tags.0.propagate_at_launch": "1",
                            "tags.0.value": "test-jinstance",
                            "tags.1.%": "3",
                            "tags.1.key": "Backup",
                            "tags.1.propagate_at_launch": "1",
                            "tags.1.value": "1",
                            "tags.2.%": "3",
                            "tags.2.key": "Project",
                            "tags.2.propagate_at_launch": "1",
                            "tags.2.value": "webappv1",
                            "tags.3.%": "3",
                            "tags.3.key": "Department",
                            "tags.3.propagate_at_launch": "1",
                            "tags.3.value": "Public Cloud Eng",
                            "tags.4.%": "3",
                            "tags.4.key": "Environment",
                            "tags.4.propagate_at_launch": "1",
                            "tags.4.value": "dev-jenkins",
                            "tags.5.%": "3",
                            "tags.5.key": "Owner",
                            "tags.5.propagate_at_launch": "1",
                            "tags.5.value": "PublicCloud@elliemae.com",
                            "tags.6.%": "3",
                            "tags.6.key": "Cost Center",
                            "tags.6.propagate_at_launch": "1",
                            "tags.6.value": "CS123",
                            "tags.7.%": "3",
                            "tags.7.key": "Compliance",
                            "tags.7.propagate_at_launch": "1",
                            "tags.7.value": "No-PII",
                            "target_group_arns.#": "1",
                            "target_group_arns.1938249685": "arn:aws:elasticloadbalancing:us-west-2:568065941114:targetgroup/tf-20181016223745039400000003/52cfa8678186ab7a",
                            "termination_policies.#": "2",
                            "termination_policies.0": "OldestLaunchConfiguration",
                            "termination_policies.1": "OldestInstance",
                            "vpc_zone_identifier.#": "3",
                            "vpc_zone_identifier.1136435507": "subnet-85a501de",
                            "vpc_zone_identifier.1680021681": "subnet-e0faa5a9",
                            "vpc_zone_identifier.3122230202": "subnet-89aeaaee",
                            "wait_for_capacity_timeout": "10m"
                        },
                        "meta": {
                            "e2bfb730-ecaa-11e6-8f88-34363bc7c4c0": {
                                "delete": 600000000000
                            }
                        },
                        "tainted": false
                    },
                    "deposed": [],
                    "provider": "provider.aws"
                },
                "aws_autoscaling_policy.autopolicy-down": {
                    "type": "aws_autoscaling_policy",
                    "depends_on": [
                        "aws_autoscaling_group.webapp_v1"
                    ],
                    "primary": {
                        "id": "dev-jenkins-autopolicy-down",
                        "attributes": {
                            "adjustment_type": "ChangeInCapacity",
                            "arn": "arn:aws:autoscaling:us-west-2:568065941114:scalingPolicy:cadb20a1-7a80-4450-99aa-eb27c4261f15:autoScalingGroupName/Webapp-dev-jenkins:policyName/dev-jenkins-autopolicy-down",
                            "autoscaling_group_name": "Webapp-dev-jenkins",
                            "cooldown": "300",
                            "estimated_instance_warmup": "0",
                            "id": "dev-jenkins-autopolicy-down",
                            "metric_aggregation_type": "",
                            "min_adjustment_step": "0",
                            "name": "dev-jenkins-autopolicy-down",
                            "policy_type": "SimpleScaling",
                            "scaling_adjustment": "-1",
                            "step_adjustment.#": "0",
                            "target_tracking_configuration.#": "0"
                        },
                        "meta": {},
                        "tainted": false
                    },
                    "deposed": [],
                    "provider": "provider.aws"
                },
                "aws_autoscaling_policy.autopolicy-up": {
                    "type": "aws_autoscaling_policy",
                    "depends_on": [
                        "aws_autoscaling_group.webapp_v1"
                    ],
                    "primary": {
                        "id": "dev-jenkins-autopolicy-up",
                        "attributes": {
                            "adjustment_type": "ChangeInCapacity",
                            "arn": "arn:aws:autoscaling:us-west-2:568065941114:scalingPolicy:363de548-d190-48e2-88a2-93b333b8d7e4:autoScalingGroupName/Webapp-dev-jenkins:policyName/dev-jenkins-autopolicy-up",
                            "autoscaling_group_name": "Webapp-dev-jenkins",
                            "cooldown": "300",
                            "estimated_instance_warmup": "0",
                            "id": "dev-jenkins-autopolicy-up",
                            "metric_aggregation_type": "",
                            "min_adjustment_step": "0",
                            "name": "dev-jenkins-autopolicy-up",
                            "policy_type": "SimpleScaling",
                            "scaling_adjustment": "1",
                            "step_adjustment.#": "0",
                            "target_tracking_configuration.#": "0"
                        },
                        "meta": {},
                        "tainted": false
                    },
                    "deposed": [],
                    "provider": "provider.aws"
                },
                "aws_cloudwatch_log_group.access_log_group": {
                    "type": "aws_cloudwatch_log_group",
                    "depends_on": [],
                    "primary": {
                        "id": "webapp-dev-access",
                        "attributes": {
                            "arn": "arn:aws:logs:us-west-2:568065941114:log-group:webapp-dev-access:*",
                            "id": "webapp-dev-access",
                            "kms_key_id": "",
                            "name": "webapp-dev-access",
                            "retention_in_days": "5",
                            "tags.%": "0"
                        },
                        "meta": {},
                        "tainted": false
                    },
                    "deposed": [],
                    "provider": "provider.aws"
                },
                "aws_cloudwatch_log_group.api_log_group": {
                    "type": "aws_cloudwatch_log_group",
                    "depends_on": [],
                    "primary": {
                        "id": "webapp-dev-api",
                        "attributes": {
                            "arn": "arn:aws:logs:us-west-2:568065941114:log-group:webapp-dev-api:*",
                            "id": "webapp-dev-api",
                            "kms_key_id": "",
                            "name": "webapp-dev-api",
                            "retention_in_days": "5",
                            "tags.%": "0"
                        },
                        "meta": {},
                        "tainted": false
                    },
                    "deposed": [],
                    "provider": "provider.aws"
                },
                "aws_cloudwatch_log_group.error_log_group": {
                    "type": "aws_cloudwatch_log_group",
                    "depends_on": [],
                    "primary": {
                        "id": "webapp-dev-error",
                        "attributes": {
                            "arn": "arn:aws:logs:us-west-2:568065941114:log-group:webapp-dev-error:*",
                            "id": "webapp-dev-error",
                            "kms_key_id": "",
                            "name": "webapp-dev-error",
                            "retention_in_days": "5",
                            "tags.%": "0"
                        },
                        "meta": {},
                        "tainted": false
                    },
                    "deposed": [],
                    "provider": "provider.aws"
                },
                "aws_cloudwatch_log_metric_filter.2xx_metric_filter": {
                    "type": "aws_cloudwatch_log_metric_filter",
                    "depends_on": [
                        "aws_cloudwatch_log_group.access_log_group"
                    ],
                    "primary": {
                        "id": "2xx_metric_filter",
                        "attributes": {
                            "id": "2xx_metric_filter",
                            "log_group_name": "webapp-dev-access",
                            "metric_transformation.#": "1",
                            "metric_transformation.0.default_value": "0",
                            "metric_transformation.0.name": "Status_2XX",
                            "metric_transformation.0.namespace": "WebappMetrics",
                            "metric_transformation.0.value": "1",
                            "name": "2xx_metric_filter",
                            "pattern": "{ $.status = 2* }"
                        },
                        "meta": {},
                        "tainted": false
                    },
                    "deposed": [],
                    "provider": "provider.aws"
                },
                "aws_cloudwatch_log_metric_filter.2xx_metric_filter_bytes": {
                    "type": "aws_cloudwatch_log_metric_filter",
                    "depends_on": [
                        "aws_cloudwatch_log_group.access_log_group"
                    ],
                    "primary": {
                        "id": "2xx_metric_filter_bytes",
                        "attributes": {
                            "id": "2xx_metric_filter_bytes",
                            "log_group_name": "webapp-dev-access",
                            "metric_transformation.#": "1",
                            "metric_transformation.0.default_value": "0",
                            "metric_transformation.0.name": "body_bytes_sent",
                            "metric_transformation.0.namespace": "WebappMetrics",
                            "metric_transformation.0.value": "$.body_bytes_sent",
                            "name": "2xx_metric_filter_bytes",
                            "pattern": "{ $.status = 2* }"
                        },
                        "meta": {},
                        "tainted": false
                    },
                    "deposed": [],
                    "provider": "provider.aws"
                },
                "aws_cloudwatch_log_metric_filter.404_metric_filter": {
                    "type": "aws_cloudwatch_log_metric_filter",
                    "depends_on": [
                        "aws_cloudwatch_log_group.access_log_group"
                    ],
                    "primary": {
                        "id": "404_metric_filter",
                        "attributes": {
                            "id": "404_metric_filter",
                            "log_group_name": "webapp-dev-access",
                            "metric_transformation.#": "1",
                            "metric_transformation.0.default_value": "0",
                            "metric_transformation.0.name": "Status_404",
                            "metric_transformation.0.namespace": "WebappMetrics",
                            "metric_transformation.0.value": "1",
                            "name": "404_metric_filter",
                            "pattern": "{ $.status = 404 }"
                        },
                        "meta": {},
                        "tainted": false
                    },
                    "deposed": [],
                    "provider": "provider.aws"
                },
                "aws_cloudwatch_log_metric_filter.5xx_metric_filter": {
                    "type": "aws_cloudwatch_log_metric_filter",
                    "depends_on": [
                        "aws_cloudwatch_log_group.access_log_group"
                    ],
                    "primary": {
                        "id": "5xx_metric_filter",
                        "attributes": {
                            "id": "5xx_metric_filter",
                            "log_group_name": "webapp-dev-access",
                            "metric_transformation.#": "1",
                            "metric_transformation.0.default_value": "0",
                            "metric_transformation.0.name": "Status_5XX",
                            "metric_transformation.0.namespace": "WebappMetrics",
                            "metric_transformation.0.value": "1",
                            "name": "5xx_metric_filter",
                            "pattern": "{ $.status = 5* }"
                        },
                        "meta": {},
                        "tainted": false
                    },
                    "deposed": [],
                    "provider": "provider.aws"
                },
                "aws_cloudwatch_metric_alarm.cpualarm-down": {
                    "type": "aws_cloudwatch_metric_alarm",
                    "depends_on": [
                        "aws_autoscaling_group.webapp_v1",
                        "aws_autoscaling_policy.autopolicy-down"
                    ],
                    "primary": {
                        "id": "dev-jenkins-alarm-down",
                        "attributes": {
                            "actions_enabled": "true",
                            "alarm_actions.#": "1",
                            "alarm_actions.1345079908": "arn:aws:autoscaling:us-west-2:568065941114:scalingPolicy:cadb20a1-7a80-4450-99aa-eb27c4261f15:autoScalingGroupName/Webapp-dev-jenkins:policyName/dev-jenkins-autopolicy-down",
                            "alarm_description": "This metric monitor EC2 instance cpu utilization",
                            "alarm_name": "dev-jenkins-alarm-down",
                            "arn": "arn:aws:cloudwatch:us-west-2:568065941114:alarm:dev-jenkins-alarm-down",
                            "comparison_operator": "LessThanOrEqualToThreshold",
                            "datapoints_to_alarm": "0",
                            "dimensions.%": "1",
                            "dimensions.AutoScalingGroupName": "Webapp-dev-jenkins",
                            "evaluate_low_sample_count_percentiles": "",
                            "evaluation_periods": "2",
                            "extended_statistic": "",
                            "id": "dev-jenkins-alarm-down",
                            "insufficient_data_actions.#": "0",
                            "metric_name": "CPUUtilization",
                            "namespace": "AWS/EC2",
                            "ok_actions.#": "0",
                            "period": "120",
                            "statistic": "Average",
                            "threshold": "10",
                            "treat_missing_data": "missing",
                            "unit": ""
                        },
                        "meta": {
                            "schema_version": "1"
                        },
                        "tainted": false
                    },
                    "deposed": [],
                    "provider": "provider.aws"
                },
                "aws_cloudwatch_metric_alarm.cpualarm-up": {
                    "type": "aws_cloudwatch_metric_alarm",
                    "depends_on": [
                        "aws_autoscaling_group.webapp_v1",
                        "aws_autoscaling_policy.autopolicy-up"
                    ],
                    "primary": {
                        "id": "dev-jenkins-alarm-up",
                        "attributes": {
                            "actions_enabled": "true",
                            "alarm_actions.#": "1",
                            "alarm_actions.1414729891": "arn:aws:autoscaling:us-west-2:568065941114:scalingPolicy:363de548-d190-48e2-88a2-93b333b8d7e4:autoScalingGroupName/Webapp-dev-jenkins:policyName/dev-jenkins-autopolicy-up",
                            "alarm_description": "This metric monitor EC2 instance cpu utilization",
                            "alarm_name": "dev-jenkins-alarm-up",
                            "arn": "arn:aws:cloudwatch:us-west-2:568065941114:alarm:dev-jenkins-alarm-up",
                            "comparison_operator": "GreaterThanOrEqualToThreshold",
                            "datapoints_to_alarm": "0",
                            "dimensions.%": "1",
                            "dimensions.AutoScalingGroupName": "Webapp-dev-jenkins",
                            "evaluate_low_sample_count_percentiles": "",
                            "evaluation_periods": "2",
                            "extended_statistic": "",
                            "id": "dev-jenkins-alarm-up",
                            "insufficient_data_actions.#": "0",
                            "metric_name": "CPUUtilization",
                            "namespace": "AWS/EC2",
                            "ok_actions.#": "0",
                            "period": "120",
                            "statistic": "Average",
                            "threshold": "60",
                            "treat_missing_data": "missing",
                            "unit": ""
                        },
                        "meta": {
                            "schema_version": "1"
                        },
                        "tainted": false
                    },
                    "deposed": [],
                    "provider": "provider.aws"
                },
                "aws_ebs_volume.ebs_jenkins": {
                    "type": "aws_ebs_volume",
                    "depends_on": [],
                    "primary": {
                        "id": "vol-0f79f9dcd3f33dcc9",
                        "attributes": {
                            "arn": "arn:aws:ec2:us-west-2:568065941114:volume/vol-0f79f9dcd3f33dcc9",
                            "availability_zone": "us-west-2a",
                            "encrypted": "true",
                            "id": "vol-0f79f9dcd3f33dcc9",
                            "kms_key_id": "arn:aws:kms:us-west-2:568065941114:key/44aaf680-4d1b-41b0-90c9-6c0cec19345a",
                            "size": "10",
                            "snapshot_id": "",
                            "tags.%": "1",
                            "tags.Name": "dev-jenkins-ebs-vol",
                            "type": "gp2"
                        },
                        "meta": {},
                        "tainted": false
                    },
                    "deposed": [],
                    "provider": "provider.aws"
                },
                "aws_iam_instance_profile.WebappInstanceProfile": {
                    "type": "aws_iam_instance_profile",
                    "depends_on": [
                        "aws_iam_role.WebappRole"
                    ],
                    "primary": {
                        "id": "terraform-20181016223746043900000004",
                        "attributes": {
                            "arn": "arn:aws:iam::568065941114:instance-profile/terraform-20181016223746043900000004",
                            "create_date": "2018-10-16T22:37:51Z",
                            "id": "terraform-20181016223746043900000004",
                            "name": "terraform-20181016223746043900000004",
                            "path": "/",
                            "role": "jenkins_v1_role",
                            "roles.#": "0",
                            "unique_id": "AIPAJ5PSLYH4OOANXOC4K"
                        },
                        "meta": {},
                        "tainted": false
                    },
                    "deposed": [],
                    "provider": "provider.aws"
                },
                "aws_iam_policy.root": {
                    "type": "aws_iam_policy",
                    "depends_on": [],
                    "primary": {
                        "id": "arn:aws:iam::568065941114:policy/terraform-20181016223745037100000001",
                        "attributes": {
                            "arn": "arn:aws:iam::568065941114:policy/terraform-20181016223745037100000001",
                            "description": "",
                            "id": "arn:aws:iam::568065941114:policy/terraform-20181016223745037100000001",
                            "name": "terraform-20181016223745037100000001",
                            "path": "/",
                            "policy": "{\n    \"Version\": \"2012-10-17\",\n    \"Statement\": [{\n        \"Effect\": \"Allow\",\n        \"Action\": [\n            \"ec2:DescribeInstances\",\n            \"ec2:DescribeVolumes\",\n            \"ec2:DescribeTags\",\n            \"ec2:AttachVolume\",\n            \"ec2:DetachVolume\",\n            \"cloudformation:DescribeStacks\",\n            \"kms:Decrypt\",\n            \"sts:AssumeRole\",\n            \"iam:GetUser\",\n            \"iam:PassRole\",\n            \"s3:*\"\n        ],\n        \"Resource\": \"*\"\n    }, {\n        \"Effect\": \"Allow\",\n        \"Action\": [\n            \"logs:Create*\",\n            \"logs:PutLogEvents\",\n            \"logs:DescribeLogStreams\"\n        ],\n        \"Resource\": \"arn:aws:logs:*:*:*\"\n    }, {\n        \"Action\": [\n            \"s3:GetObject\",\n            \"s3:PutObject\",\n            \"s3:DeleteObject\",\n            \"s3:ListBucket\"\n        ],\n        \"Effect\": \"Allow\",\n        \"Resource\": [\n          \"arn:aws:s3:::*\"\n        ]\n    }]\n}\n"
                        },
                        "meta": {},
                        "tainted": false
                    },
                    "deposed": [],
                    "provider": "provider.aws"
                },
                "aws_iam_role.WebappRole": {
                    "type": "aws_iam_role",
                    "depends_on": [],
                    "primary": {
                        "id": "jenkins_v1_role",
                        "attributes": {
                            "arn": "arn:aws:iam::568065941114:role/jenkins_v1_role",
                            "assume_role_policy": "{\"Version\":\"2012-10-17\",\"Statement\":[{\"Effect\":\"Allow\",\"Principal\":{\"Service\":\"ec2.amazonaws.com\"},\"Action\":\"sts:AssumeRole\"}]}",
                            "create_date": "2018-10-16T22:37:50Z",
                            "description": "",
                            "force_detach_policies": "false",
                            "id": "jenkins_v1_role",
                            "max_session_duration": "3600",
                            "name": "jenkins_v1_role",
                            "path": "/",
                            "unique_id": "AROAJCOBURYJ4EBLBJVRC"
                        },
                        "meta": {},
                        "tainted": false
                    },
                    "deposed": [],
                    "provider": "provider.aws"
                },
                "aws_iam_role_policy_attachment.log_policy_attach": {
                    "type": "aws_iam_role_policy_attachment",
                    "depends_on": [
                        "aws_iam_role.WebappRole",
                        "data.aws_caller_identity.current"
                    ],
                    "primary": {
                        "id": "jenkins_v1_role-20181016223746474000000005",
                        "attributes": {
                            "id": "jenkins_v1_role-20181016223746474000000005",
                            "policy_arn": "arn:aws:iam::568065941114:policy/ElmaeInfraLoggingPolicy",
                            "role": "jenkins_v1_role"
                        },
                        "meta": {},
                        "tainted": false
                    },
                    "deposed": [],
                    "provider": "provider.aws"
                },
                "aws_iam_role_policy_attachment.root_policy_attach": {
                    "type": "aws_iam_role_policy_attachment",
                    "depends_on": [
                        "aws_iam_policy.root",
                        "aws_iam_role.WebappRole"
                    ],
                    "primary": {
                        "id": "jenkins_v1_role-20181016223746863400000006",
                        "attributes": {
                            "id": "jenkins_v1_role-20181016223746863400000006",
                            "policy_arn": "arn:aws:iam::568065941114:policy/terraform-20181016223745037100000001",
                            "role": "jenkins_v1_role"
                        },
                        "meta": {},
                        "tainted": false
                    },
                    "deposed": [],
                    "provider": "provider.aws"
                },
                "aws_launch_configuration.launchWebapp": {
                    "type": "aws_launch_configuration",
                    "depends_on": [
                        "aws_iam_instance_profile.WebappInstanceProfile",
                        "aws_security_group.sgWebappEc2",
                        "data.template_file.init"
                    ],
                    "primary": {
                        "id": "terraform-20181016223756658900000008",
                        "attributes": {
                            "associate_public_ip_address": "false",
                            "ebs_block_device.#": "0",
                            "ebs_optimized": "false",
                            "enable_monitoring": "true",
                            "ephemeral_block_device.#": "0",
                            "iam_instance_profile": "terraform-20181016223746043900000004",
                            "id": "terraform-20181016223756658900000008",
                            "image_id": "ami-0d1000aff9a9bad89",
                            "instance_type": "t2.micro",
                            "key_name": "emdevops",
                            "name": "terraform-20181016223756658900000008",
                            "placement_tenancy": "default",
                            "root_block_device.#": "1",
                            "root_block_device.0.delete_on_termination": "true",
                            "root_block_device.0.iops": "0",
                            "root_block_device.0.volume_size": "0",
                            "root_block_device.0.volume_type": "gp2",
                            "security_groups.#": "1",
                            "security_groups.2934911257": "sg-00eb7590337f123c5",
                            "spot_price": "",
                            "user_data": "49df34e0a8a80993e578f9964703b97a43be88e3",
                            "vpc_classic_link_id": "",
                            "vpc_classic_link_security_groups.#": "0"
                        },
                        "meta": {},
                        "tainted": false
                    },
                    "deposed": [],
                    "provider": "provider.aws"
                },
                "aws_lb.alb": {
                    "type": "aws_lb",
                    "depends_on": [
                        "aws_security_group.sgWebappElb",
                        "data.aws_subnet.private_subnet_0",
                        "data.aws_subnet.private_subnet_1",
                        "data.aws_subnet.private_subnet_2"
                    ],
                    "primary": {
                        "id": "arn:aws:elasticloadbalancing:us-west-2:568065941114:loadbalancer/app/Webapp-dev-pub-elb/36bccc619e2e2d32",
                        "attributes": {
                            "access_logs.#": "0",
                            "arn": "arn:aws:elasticloadbalancing:us-west-2:568065941114:loadbalancer/app/Webapp-dev-pub-elb/36bccc619e2e2d32",
                            "arn_suffix": "app/Webapp-dev-pub-elb/36bccc619e2e2d32",
                            "dns_name": "internal-Webapp-dev-pub-elb-1599390202.us-west-2.elb.amazonaws.com",
                            "enable_deletion_protection": "false",
                            "enable_http2": "true",
                            "id": "arn:aws:elasticloadbalancing:us-west-2:568065941114:loadbalancer/app/Webapp-dev-pub-elb/36bccc619e2e2d32",
                            "idle_timeout": "60",
                            "internal": "true",
                            "ip_address_type": "ipv4",
                            "load_balancer_type": "application",
                            "name": "Webapp-dev-pub-elb",
                            "security_groups.#": "1",
                            "security_groups.363438075": "sg-0d8ea003b20ee38cc",
                            "subnet_mapping.#": "0",
                            "subnets.#": "3",
                            "subnets.1136435507": "subnet-85a501de",
                            "subnets.1680021681": "subnet-e0faa5a9",
                            "subnets.3122230202": "subnet-89aeaaee",
                            "tags.%": "1",
                            "tags.Name": "jenkins-alb-dev-jenkins",
                            "vpc_id": "vpc-ee7e9588",
                            "zone_id": "Z1H1FL5HABSF5"
                        },
                        "meta": {
                            "e2bfb730-ecaa-11e6-8f88-34363bc7c4c0": {
                                "create": 600000000000,
                                "delete": 600000000000,
                                "update": 600000000000
                            }
                        },
                        "tainted": false
                    },
                    "deposed": [],
                    "provider": "provider.aws"
                },
                "aws_route53_record.record_set": {
                    "type": "aws_route53_record",
                    "depends_on": [
                        "aws_lb.alb",
                        "data.aws_route53_zone.parent"
                    ],
                    "primary": {
                        "id": "Z2GXW5PUHJ7WHR_dev.jenkins.devops.elliemae.io_A",
                        "attributes": {
                            "alias.#": "1",
                            "alias.3640541931.evaluate_target_health": "false",
                            "alias.3640541931.name": "internal-Webapp-dev-pub-elb-1599390202.us-west-2.elb.amazonaws.com",
                            "alias.3640541931.zone_id": "Z1H1FL5HABSF5",
                            "allow_overwrite": "true",
                            "fqdn": "dev.jenkins.devops.elliemae.io",
                            "id": "Z2GXW5PUHJ7WHR_dev.jenkins.devops.elliemae.io_A",
                            "name": "dev.jenkins.devops.elliemae.io",
                            "type": "A",
                            "zone_id": "Z2GXW5PUHJ7WHR"
                        },
                        "meta": {
                            "schema_version": "2"
                        },
                        "tainted": false
                    },
                    "deposed": [],
                    "provider": "provider.aws"
                },
                "aws_security_group.sgWebappEc2": {
                    "type": "aws_security_group",
                    "depends_on": [
                        "aws_security_group.sgWebappElb",
                        "data.aws_vpc.elmae"
                    ],
                    "primary": {
                        "id": "sg-00eb7590337f123c5",
                        "attributes": {
                            "arn": "arn:aws:ec2:us-west-2:568065941114:security-group/sg-00eb7590337f123c5",
                            "description": "Security Group for Webapp v1 instances",
                            "egress.#": "1",
                            "egress.482069346.cidr_blocks.#": "1",
                            "egress.482069346.cidr_blocks.0": "0.0.0.0/0",
                            "egress.482069346.description": "",
                            "egress.482069346.from_port": "0",
                            "egress.482069346.ipv6_cidr_blocks.#": "0",
                            "egress.482069346.prefix_list_ids.#": "0",
                            "egress.482069346.protocol": "-1",
                            "egress.482069346.security_groups.#": "0",
                            "egress.482069346.self": "false",
                            "egress.482069346.to_port": "0",
                            "id": "sg-00eb7590337f123c5",
                            "ingress.#": "4",
                            "ingress.162396342.cidr_blocks.#": "0",
                            "ingress.162396342.description": "",
                            "ingress.162396342.from_port": "443",
                            "ingress.162396342.ipv6_cidr_blocks.#": "0",
                            "ingress.162396342.prefix_list_ids.#": "0",
                            "ingress.162396342.protocol": "tcp",
                            "ingress.162396342.security_groups.#": "1",
                            "ingress.162396342.security_groups.363438075": "sg-0d8ea003b20ee38cc",
                            "ingress.162396342.self": "false",
                            "ingress.162396342.to_port": "443",
                            "ingress.179083333.cidr_blocks.#": "1",
                            "ingress.179083333.cidr_blocks.0": "10.0.0.0/8",
                            "ingress.179083333.description": "",
                            "ingress.179083333.from_port": "22",
                            "ingress.179083333.ipv6_cidr_blocks.#": "0",
                            "ingress.179083333.prefix_list_ids.#": "0",
                            "ingress.179083333.protocol": "tcp",
                            "ingress.179083333.security_groups.#": "0",
                            "ingress.179083333.self": "false",
                            "ingress.179083333.to_port": "22",
                            "ingress.2152464708.cidr_blocks.#": "0",
                            "ingress.2152464708.description": "",
                            "ingress.2152464708.from_port": "80",
                            "ingress.2152464708.ipv6_cidr_blocks.#": "0",
                            "ingress.2152464708.prefix_list_ids.#": "0",
                            "ingress.2152464708.protocol": "tcp",
                            "ingress.2152464708.security_groups.#": "1",
                            "ingress.2152464708.security_groups.363438075": "sg-0d8ea003b20ee38cc",
                            "ingress.2152464708.self": "false",
                            "ingress.2152464708.to_port": "80",
                            "ingress.3128968423.cidr_blocks.#": "1",
                            "ingress.3128968423.cidr_blocks.0": "10.0.0.0/8",
                            "ingress.3128968423.description": "",
                            "ingress.3128968423.from_port": "-1",
                            "ingress.3128968423.ipv6_cidr_blocks.#": "0",
                            "ingress.3128968423.prefix_list_ids.#": "0",
                            "ingress.3128968423.protocol": "icmp",
                            "ingress.3128968423.security_groups.#": "0",
                            "ingress.3128968423.self": "false",
                            "ingress.3128968423.to_port": "-1",
                            "name": "terraform-20181016223747553600000007",
                            "owner_id": "568065941114",
                            "revoke_rules_on_delete": "false",
                            "tags.%": "0",
                            "vpc_id": "vpc-ee7e9588"
                        },
                        "meta": {
                            "e2bfb730-ecaa-11e6-8f88-34363bc7c4c0": {
                                "create": 600000000000,
                                "delete": 600000000000
                            },
                            "schema_version": "1"
                        },
                        "tainted": false
                    },
                    "deposed": [],
                    "provider": "provider.aws"
                },
                "aws_security_group.sgWebappElb": {
                    "type": "aws_security_group",
                    "depends_on": [
                        "data.aws_vpc.elmae"
                    ],
                    "primary": {
                        "id": "sg-0d8ea003b20ee38cc",
                        "attributes": {
                            "arn": "arn:aws:ec2:us-west-2:568065941114:security-group/sg-0d8ea003b20ee38cc",
                            "description": "Security Group for 1 ELB",
                            "egress.#": "1",
                            "egress.482069346.cidr_blocks.#": "1",
                            "egress.482069346.cidr_blocks.0": "0.0.0.0/0",
                            "egress.482069346.description": "",
                            "egress.482069346.from_port": "0",
                            "egress.482069346.ipv6_cidr_blocks.#": "0",
                            "egress.482069346.prefix_list_ids.#": "0",
                            "egress.482069346.protocol": "-1",
                            "egress.482069346.security_groups.#": "0",
                            "egress.482069346.self": "false",
                            "egress.482069346.to_port": "0",
                            "id": "sg-0d8ea003b20ee38cc",
                            "ingress.#": "2",
                            "ingress.2214680975.cidr_blocks.#": "1",
                            "ingress.2214680975.cidr_blocks.0": "0.0.0.0/0",
                            "ingress.2214680975.description": "",
                            "ingress.2214680975.from_port": "80",
                            "ingress.2214680975.ipv6_cidr_blocks.#": "0",
                            "ingress.2214680975.prefix_list_ids.#": "0",
                            "ingress.2214680975.protocol": "tcp",
                            "ingress.2214680975.security_groups.#": "0",
                            "ingress.2214680975.self": "false",
                            "ingress.2214680975.to_port": "80",
                            "ingress.2617001939.cidr_blocks.#": "1",
                            "ingress.2617001939.cidr_blocks.0": "0.0.0.0/0",
                            "ingress.2617001939.description": "",
                            "ingress.2617001939.from_port": "443",
                            "ingress.2617001939.ipv6_cidr_blocks.#": "0",
                            "ingress.2617001939.prefix_list_ids.#": "0",
                            "ingress.2617001939.protocol": "tcp",
                            "ingress.2617001939.security_groups.#": "0",
                            "ingress.2617001939.self": "false",
                            "ingress.2617001939.to_port": "443",
                            "name": "terraform-20181016223745038900000002",
                            "owner_id": "568065941114",
                            "revoke_rules_on_delete": "false",
                            "tags.%": "0",
                            "vpc_id": "vpc-ee7e9588"
                        },
                        "meta": {
                            "e2bfb730-ecaa-11e6-8f88-34363bc7c4c0": {
                                "create": 600000000000,
                                "delete": 600000000000
                            },
                            "schema_version": "1"
                        },
                        "tainted": false
                    },
                    "deposed": [],
                    "provider": "provider.aws"
                },
                "data.aws_availability_zones.all": {
                    "type": "aws_availability_zones",
                    "depends_on": [],
                    "primary": {
                        "id": "2018-10-16 22:37:41.380593 +0000 UTC",
                        "attributes": {
                            "id": "2018-10-16 22:37:41.380593 +0000 UTC",
                            "names.#": "3",
                            "names.0": "us-west-2a",
                            "names.1": "us-west-2b",
                            "names.2": "us-west-2c"
                        },
                        "meta": {},
                        "tainted": false
                    },
                    "deposed": [],
                    "provider": "provider.aws"
                },
                "data.aws_caller_identity.current": {
                    "type": "aws_caller_identity",
                    "depends_on": [],
                    "primary": {
                        "id": "2018-10-16 22:37:41.732109 +0000 UTC",
                        "attributes": {
                            "account_id": "568065941114",
                            "arn": "arn:aws:iam::568065941114:user/akumar5",
                            "id": "2018-10-16 22:37:41.732109 +0000 UTC",
                            "user_id": "AIDAIQNXL45YTNWNMLH5Y"
                        },
                        "meta": {},
                        "tainted": false
                    },
                    "deposed": [],
                    "provider": "provider.aws"
                },
                "data.aws_route53_zone.parent": {
                    "type": "aws_route53_zone",
                    "depends_on": [],
                    "primary": {
                        "id": "Z2GXW5PUHJ7WHR",
                        "attributes": {
                            "caller_reference": "2018-05-01 10:50:11.048294",
                            "comment": "PC-4093 by jbaker",
                            "id": "Z2GXW5PUHJ7WHR",
                            "name": "devops.elliemae.io.",
                            "name_servers.#": "4",
                            "name_servers.0": "ns-116.awsdns-14.com",
                            "name_servers.1": "ns-1545.awsdns-01.co.uk",
                            "name_servers.2": "ns-1389.awsdns-45.org",
                            "name_servers.3": "ns-595.awsdns-10.net",
                            "private_zone": "false",
                            "resource_record_set_count": "7",
                            "zone_id": "Z2GXW5PUHJ7WHR"
                        },
                        "meta": {},
                        "tainted": false
                    },
                    "deposed": [],
                    "provider": "provider.aws"
                },
                "data.aws_subnet.private_subnet_0": {
                    "type": "aws_subnet",
                    "depends_on": [
                        "data.aws_vpc.elmae"
                    ],
                    "primary": {
                        "id": "subnet-89aeaaee",
                        "attributes": {
                            "arn": "arn:aws:ec2:us-west-2:568065941114:subnet/subnet-89aeaaee",
                            "assign_ipv6_address_on_creation": "false",
                            "availability_zone": "us-west-2a",
                            "cidr_block": "10.200.40.96/27",
                            "default_for_az": "false",
                            "filter.#": "1",
                            "filter.787444477.name": "tag:Name",
                            "filter.787444477.values.#": "1",
                            "filter.787444477.values.4259186353": "Private0*",
                            "id": "subnet-89aeaaee",
                            "map_public_ip_on_launch": "false",
                            "state": "available",
                            "tags.%": "1",
                            "tags.Name": "Private0(us-west-2a)",
                            "vpc_id": "vpc-ee7e9588"
                        },
                        "meta": {},
                        "tainted": false
                    },
                    "deposed": [],
                    "provider": "provider.aws"
                },
                "data.aws_subnet.private_subnet_1": {
                    "type": "aws_subnet",
                    "depends_on": [
                        "data.aws_vpc.elmae"
                    ],
                    "primary": {
                        "id": "subnet-e0faa5a9",
                        "attributes": {
                            "arn": "arn:aws:ec2:us-west-2:568065941114:subnet/subnet-e0faa5a9",
                            "assign_ipv6_address_on_creation": "false",
                            "availability_zone": "us-west-2b",
                            "cidr_block": "10.200.40.128/27",
                            "default_for_az": "false",
                            "filter.#": "1",
                            "filter.328162125.name": "tag:Name",
                            "filter.328162125.values.#": "1",
                            "filter.328162125.values.4229721222": "Private1*",
                            "id": "subnet-e0faa5a9",
                            "map_public_ip_on_launch": "false",
                            "state": "available",
                            "tags.%": "1",
                            "tags.Name": "Private1(us-west-2b)",
                            "vpc_id": "vpc-ee7e9588"
                        },
                        "meta": {},
                        "tainted": false
                    },
                    "deposed": [],
                    "provider": "provider.aws"
                },
                "data.aws_subnet.private_subnet_2": {
                    "type": "aws_subnet",
                    "depends_on": [
                        "data.aws_vpc.elmae"
                    ],
                    "primary": {
                        "id": "subnet-85a501de",
                        "attributes": {
                            "arn": "arn:aws:ec2:us-west-2:568065941114:subnet/subnet-85a501de",
                            "assign_ipv6_address_on_creation": "false",
                            "availability_zone": "us-west-2c",
                            "cidr_block": "10.200.40.160/27",
                            "default_for_az": "false",
                            "filter.#": "1",
                            "filter.1412374941.name": "tag:Name",
                            "filter.1412374941.values.#": "1",
                            "filter.1412374941.values.4267365087": "Private2*",
                            "id": "subnet-85a501de",
                            "map_public_ip_on_launch": "false",
                            "state": "available",
                            "tags.%": "1",
                            "tags.Name": "Private2(us-west-2c)",
                            "vpc_id": "vpc-ee7e9588"
                        },
                        "meta": {},
                        "tainted": false
                    },
                    "deposed": [],
                    "provider": "provider.aws"
                },
                "data.aws_subnet.public_subnet_0": {
                    "type": "aws_subnet",
                    "depends_on": [
                        "data.aws_vpc.elmae"
                    ],
                    "primary": {
                        "id": "subnet-d7a8acb0",
                        "attributes": {
                            "arn": "arn:aws:ec2:us-west-2:568065941114:subnet/subnet-d7a8acb0",
                            "assign_ipv6_address_on_creation": "false",
                            "availability_zone": "us-west-2a",
                            "cidr_block": "10.200.40.0/27",
                            "default_for_az": "false",
                            "filter.#": "1",
                            "filter.536144450.name": "tag:Name",
                            "filter.536144450.values.#": "1",
                            "filter.536144450.values.1414452620": "Public0*",
                            "id": "subnet-d7a8acb0",
                            "map_public_ip_on_launch": "false",
                            "state": "available",
                            "tags.%": "1",
                            "tags.Name": "Public0(us-west-2a)",
                            "vpc_id": "vpc-ee7e9588"
                        },
                        "meta": {},
                        "tainted": false
                    },
                    "deposed": [],
                    "provider": "provider.aws"
                },
                "data.aws_subnet.public_subnet_1": {
                    "type": "aws_subnet",
                    "depends_on": [
                        "data.aws_vpc.elmae"
                    ],
                    "primary": {
                        "id": "subnet-42f7a80b",
                        "attributes": {
                            "arn": "arn:aws:ec2:us-west-2:568065941114:subnet/subnet-42f7a80b",
                            "assign_ipv6_address_on_creation": "false",
                            "availability_zone": "us-west-2b",
                            "cidr_block": "10.200.40.32/27",
                            "default_for_az": "false",
                            "filter.#": "1",
                            "filter.580174834.name": "tag:Name",
                            "filter.580174834.values.#": "1",
                            "filter.580174834.values.1435287483": "Public1*",
                            "id": "subnet-42f7a80b",
                            "map_public_ip_on_launch": "false",
                            "state": "available",
                            "tags.%": "1",
                            "tags.Name": "Public1(us-west-2b)",
                            "vpc_id": "vpc-ee7e9588"
                        },
                        "meta": {},
                        "tainted": false
                    },
                    "deposed": [],
                    "provider": "provider.aws"
                },
                "data.aws_subnet.public_subnet_2": {
                    "type": "aws_subnet",
                    "depends_on": [
                        "data.aws_vpc.elmae"
                    ],
                    "primary": {
                        "id": "subnet-82a004d9",
                        "attributes": {
                            "arn": "arn:aws:ec2:us-west-2:568065941114:subnet/subnet-82a004d9",
                            "assign_ipv6_address_on_creation": "false",
                            "availability_zone": "us-west-2c",
                            "cidr_block": "10.200.40.64/27",
                            "default_for_az": "false",
                            "filter.#": "1",
                            "filter.1697954082.name": "tag:Name",
                            "filter.1697954082.values.#": "1",
                            "filter.1697954082.values.1472856546": "Public2*",
                            "id": "subnet-82a004d9",
                            "map_public_ip_on_launch": "false",
                            "state": "available",
                            "tags.%": "1",
                            "tags.Name": "Public2(us-west-2c)",
                            "vpc_id": "vpc-ee7e9588"
                        },
                        "meta": {},
                        "tainted": false
                    },
                    "deposed": [],
                    "provider": "provider.aws"
                },
                "data.aws_vpc.elmae": {
                    "type": "aws_vpc",
                    "depends_on": [],
                    "primary": {
                        "id": "vpc-ee7e9588",
                        "attributes": {
                            "arn": "arn:aws:ec2:us-west-2:568065941114:vpc/vpc-ee7e9588",
                            "cidr_block": "10.200.40.0/24",
                            "cidr_block_associations.#": "1",
                            "cidr_block_associations.0.association_id": "vpc-cidr-assoc-8b9735e3",
                            "cidr_block_associations.0.cidr_block": "10.200.40.0/24",
                            "cidr_block_associations.0.state": "associated",
                            "default": "false",
                            "dhcp_options_id": "dopt-2e9f3748",
                            "enable_dns_hostnames": "true",
                            "enable_dns_support": "true",
                            "id": "vpc-ee7e9588",
                            "instance_tenancy": "default",
                            "state": "available",
                            "tags.%": "1",
                            "tags.Name": "elmae-default"
                        },
                        "meta": {},
                        "tainted": false
                    },
                    "deposed": [],
                    "provider": "provider.aws"
                },
                "data.template_file.init": {
                    "type": "template_file",
                    "depends_on": [
                        "aws_ebs_volume.ebs_jenkins"
                    ],
                    "primary": {
                        "id": "cf2cd9b7a9cac0a3909b0fdba541d06d1c16b1e650ddb5dbc3130d1d8961b7fe",
                        "attributes": {
                            "id": "cf2cd9b7a9cac0a3909b0fdba541d06d1c16b1e650ddb5dbc3130d1d8961b7fe",
                            "rendered": "#!/bin/bash -v\n\necho \"*****Begin executing*** \"\necho \"Wait a bit for the network\"\nsleep 15s\n\necho \"list data template variable\"\necho us-west-2\necho vol-0f79f9dcd3f33dcc9\n\naws configure set default.region us-west-2\nyum update -y\nyum install docker -y\nservice docker start\necho \"docker setup \u0026 started\"\ndocker version\nchmod 766 /var/run/docker.sock\n\n\ncurl -L \"https://github.com/docker/compose/releases/download/1.22.0/docker-compose-$(uname -s)-$(uname -m)\" -o /usr/local/bin/docker-compose\nchmod +x /usr/local/bin/docker-compose\necho \"docker-compose setup\"\ndocker-compose -v\n\nInstanceID=$(curl -s http://169.254.169.254/latest/meta-data/instance-id)\n\n#Run it as backgroup detached process\naws ec2 attach-volume --volume-id vol-0f79f9dcd3f33dcc9 --instance-id $InstanceID --device /dev/xvdb\n\nmkdir -p /var/jenkins_home/\n\n#if mount /dev/xvdb /var/jenkins_home/ | grep -i error 2\u003e\u00261 \u003e /dev/null\n#if file -s /dev/xvdb | grep -i \"/dev/xvdb: data\" 2\u003e\u00261 \u003e /dev/null\n\n#volume_attached=$(aws ec2 describe-instances --instance-ids $InstanceID --query 'Reservations[0].Instances[0].BlockDeviceMappings[?DeviceName==`/dev/xvdb`]' --output text | grep attached)\n\naws ec2 describe-instances --instance-ids $InstanceID --query 'Reservations[0].Instances[0].BlockDeviceMappings[*]' --output text\n\nwhile true\ndo\n\n    if aws ec2 describe-instances --instance-ids $InstanceID --query 'Reservations[0].Instances[0].BlockDeviceMappings[?DeviceName==`/dev/xvdb`]' --output text | grep \"attached\"\n     then\n        echo \"ebs volume is attached successfully, exiting the loop now\"\n        break\n    fi\n    echo \"sleeping until volume is attached........\"\n    sleep 10s\n\ndone\n\n\nif file -s /dev/xvdb | grep \"/dev/xvdb: data\"\n then\n    echo \"Volume is not formatted before mount, formatting now with ext4\"\n    mkfs.ext4 /dev/xvdb\n    mount /dev/xvdb /var/jenkins_home\n else\n    echo \"Mounting an exiting volume\"\n    mount /dev/xvdb /var/jenkins_home -t ext4\nfi\n\n\n\ncurl -O -L https://s3-us-west-2.amazonaws.com/em-devops-terraform/utilities/jenkins.zip\nunzip jenkins.zip\ncd jenkins\npwd\nls\n\n./create_jenkins_stack_docker.sh up\n\n\n#file -s /dev/xvdb | grep \"/dev/xvdb:\"\n\n#if file -s /dev/xvdb | grep -i /dev/xvdb 2\u003e\u00261 \u003e /dev/null\n# then\n#    echo \"volume aready\"\n#    mkfs.ext4 /dev/xvdf\n#    mount /dev/xvdf /var/jenkins_home\n# else\n#    mount /dev/xvdf /var/jenkins_home -t ext4\n#fi\n\n\n#which python\n#python --version\n#pip --version\n\n\n#InstanceID=`/usr/bin/curl -s http://169.254.169.254/latest/meta-data/instance-id`\n#InstanceID=$(curl -s http://169.254.169.254/latest/meta-data/instance-id)\n#PublicIP=$(curl -s http://169.254.169.254/latest/meta-data/public-ipv4)\n#PrivateIP=$(curl -s http://169.254.169.254/latest/meta-data/local-ipv4)\n\n#echo $InstanceID\n#echo $PrivateIP\n\n#yum -y install httpd\n#str1=\"\u003chtml\u003e\u003ch1\u003eHello from MachineIP --\u003e \"\n#str2=\"\u003c/h1\u003e\u003c/html\u003e\"\n#echo $str1$PrivateIP$str2 \u003e /var/www/html/index.html\n#sudo service httpd start\n\n\necho \"user_data is done\"\n",
                            "template": "#!/bin/bash -v\n\necho \"*****Begin executing*** \"\necho \"Wait a bit for the network\"\nsleep 15s\n\necho \"list data template variable\"\necho ${region}\necho ${ebs_volume_id}\n\naws configure set default.region ${region}\nyum update -y\nyum install docker -y\nservice docker start\necho \"docker setup \u0026 started\"\ndocker version\nchmod 766 /var/run/docker.sock\n\n\ncurl -L \"https://github.com/docker/compose/releases/download/1.22.0/docker-compose-$(uname -s)-$(uname -m)\" -o /usr/local/bin/docker-compose\nchmod +x /usr/local/bin/docker-compose\necho \"docker-compose setup\"\ndocker-compose -v\n\nInstanceID=$(curl -s http://169.254.169.254/latest/meta-data/instance-id)\n\n#Run it as backgroup detached process\naws ec2 attach-volume --volume-id ${ebs_volume_id} --instance-id $InstanceID --device /dev/xvdb\n\nmkdir -p /var/jenkins_home/\n\n#if mount /dev/xvdb /var/jenkins_home/ | grep -i error 2\u003e\u00261 \u003e /dev/null\n#if file -s /dev/xvdb | grep -i \"/dev/xvdb: data\" 2\u003e\u00261 \u003e /dev/null\n\n#volume_attached=$(aws ec2 describe-instances --instance-ids $InstanceID --query 'Reservations[0].Instances[0].BlockDeviceMappings[?DeviceName==`/dev/xvdb`]' --output text | grep attached)\n\naws ec2 describe-instances --instance-ids $InstanceID --query 'Reservations[0].Instances[0].BlockDeviceMappings[*]' --output text\n\nwhile true\ndo\n\n    if aws ec2 describe-instances --instance-ids $InstanceID --query 'Reservations[0].Instances[0].BlockDeviceMappings[?DeviceName==`/dev/xvdb`]' --output text | grep \"attached\"\n     then\n        echo \"ebs volume is attached successfully, exiting the loop now\"\n        break\n    fi\n    echo \"sleeping until volume is attached........\"\n    sleep 10s\n\ndone\n\n\nif file -s /dev/xvdb | grep \"/dev/xvdb: data\"\n then\n    echo \"Volume is not formatted before mount, formatting now with ext4\"\n    mkfs.ext4 /dev/xvdb\n    mount /dev/xvdb /var/jenkins_home\n else\n    echo \"Mounting an exiting volume\"\n    mount /dev/xvdb /var/jenkins_home -t ext4\nfi\n\n\n\ncurl -O -L https://s3-us-west-2.amazonaws.com/em-devops-terraform/utilities/jenkins.zip\nunzip jenkins.zip\ncd jenkins\npwd\nls\n\n./create_jenkins_stack_docker.sh up\n\n\n#file -s /dev/xvdb | grep \"/dev/xvdb:\"\n\n#if file -s /dev/xvdb | grep -i /dev/xvdb 2\u003e\u00261 \u003e /dev/null\n# then\n#    echo \"volume aready\"\n#    mkfs.ext4 /dev/xvdf\n#    mount /dev/xvdf /var/jenkins_home\n# else\n#    mount /dev/xvdf /var/jenkins_home -t ext4\n#fi\n\n\n#which python\n#python --version\n#pip --version\n\n\n#InstanceID=`/usr/bin/curl -s http://169.254.169.254/latest/meta-data/instance-id`\n#InstanceID=$(curl -s http://169.254.169.254/latest/meta-data/instance-id)\n#PublicIP=$(curl -s http://169.254.169.254/latest/meta-data/public-ipv4)\n#PrivateIP=$(curl -s http://169.254.169.254/latest/meta-data/local-ipv4)\n\n#echo $InstanceID\n#echo $PrivateIP\n\n#yum -y install httpd\n#str1=\"\u003chtml\u003e\u003ch1\u003eHello from MachineIP --\u003e \"\n#str2=\"\u003c/h1\u003e\u003c/html\u003e\"\n#echo $str1$PrivateIP$str2 \u003e /var/www/html/index.html\n#sudo service httpd start\n\n\necho \"user_data is done\"\n",
                            "vars.%": "2",
                            "vars.ebs_volume_id": "vol-0f79f9dcd3f33dcc9",
                            "vars.region": "us-west-2"
                        },
                        "meta": {},
                        "tainted": false
                    },
                    "deposed": [],
                    "provider": "provider.template"
                },
                "random_id.server": {
                    "type": "random_id",
                    "depends_on": [],
                    "primary": {
                        "id": "Gtfo9vn9OTk",
                        "attributes": {
                            "b64": "Gtfo9vn9OTk",
                            "b64_std": "Gtfo9vn9OTk=",
                            "b64_url": "Gtfo9vn9OTk",
                            "byte_length": "8",
                            "dec": "1934270712432638265",
                            "hex": "1ad7e8f6f9fd3939",
                            "id": "Gtfo9vn9OTk"
                        },
                        "meta": {},
                        "tainted": false
                    },
                    "deposed": [],
                    "provider": "provider.random"
                }
            },
            "depends_on": []
        }
    ]
}
