{
    "version": 3,
    "terraform_version": "0.11.10",
    "serial": 59,
    "lineage": "d82f2f65-972d-2da0-9293-401f37a20261",
    "modules": [
        {
            "path": [
                "root"
            ],
            "outputs": {
                "aws_autoscaling_group": {
                    "sensitive": false,
                    "type": "string",
                    "value": "Webapp-dev-jenkins"
                },
                "elb_dns_name": {
                    "sensitive": false,
                    "type": "string",
                    "value": "internal-Webapp-dev-pub-elb-1874650569.us-west-2.elb.amazonaws.com"
                },
                "jenkins_r53_dns_name": {
                    "sensitive": false,
                    "type": "string",
                    "value": "dev.jenkins.devops.elliemae.io"
                },
                "jenkins_s3_bucket_name": {
                    "sensitive": false,
                    "type": "string",
                    "value": "s3fs-em-devops-us-west-2-jenkins-dev"
                }
            },
            "resources": {
                "aws_alb_listener.listenerHttp": {
                    "type": "aws_alb_listener",
                    "depends_on": [
                        "aws_alb_target_group.tgHttp",
                        "aws_lb.alb"
                    ],
                    "primary": {
                        "id": "arn:aws:elasticloadbalancing:us-west-2:568065941114:listener/app/Webapp-dev-pub-elb/e47039c13c657afa/f11e15fd5e45a965",
                        "attributes": {
                            "arn": "arn:aws:elasticloadbalancing:us-west-2:568065941114:listener/app/Webapp-dev-pub-elb/e47039c13c657afa/f11e15fd5e45a965",
                            "default_action.#": "1",
                            "default_action.0.authenticate_cognito.#": "0",
                            "default_action.0.authenticate_oidc.#": "0",
                            "default_action.0.fixed_response.#": "0",
                            "default_action.0.order": "0",
                            "default_action.0.redirect.#": "0",
                            "default_action.0.target_group_arn": "arn:aws:elasticloadbalancing:us-west-2:568065941114:targetgroup/tf-20190109225553905800000003/70701ae2937858e7",
                            "default_action.0.type": "forward",
                            "id": "arn:aws:elasticloadbalancing:us-west-2:568065941114:listener/app/Webapp-dev-pub-elb/e47039c13c657afa/f11e15fd5e45a965",
                            "load_balancer_arn": "arn:aws:elasticloadbalancing:us-west-2:568065941114:loadbalancer/app/Webapp-dev-pub-elb/e47039c13c657afa",
                            "port": "80",
                            "protocol": "HTTP",
                            "ssl_policy": ""
                        },
                        "meta": {
                            "e2bfb730-ecaa-11e6-8f88-34363bc7c4c0": {
                                "read": 600000000000
                            }
                        },
                        "tainted": false
                    },
                    "deposed": [],
                    "provider": "provider.aws"
                },
                "aws_alb_listener.listenerHttps": {
                    "type": "aws_alb_listener",
                    "depends_on": [
                        "aws_alb_target_group.tgHttp",
                        "aws_lb.alb"
                    ],
                    "primary": {
                        "id": "arn:aws:elasticloadbalancing:us-west-2:568065941114:listener/app/Webapp-dev-pub-elb/e47039c13c657afa/f8dcce5b22dbae5d",
                        "attributes": {
                            "arn": "arn:aws:elasticloadbalancing:us-west-2:568065941114:listener/app/Webapp-dev-pub-elb/e47039c13c657afa/f8dcce5b22dbae5d",
                            "certificate_arn": "arn:aws:acm:us-west-2:568065941114:certificate/3d7be649-e502-4c42-9c6e-556df048afbb",
                            "default_action.#": "1",
                            "default_action.0.authenticate_cognito.#": "0",
                            "default_action.0.authenticate_oidc.#": "0",
                            "default_action.0.fixed_response.#": "0",
                            "default_action.0.order": "0",
                            "default_action.0.redirect.#": "0",
                            "default_action.0.target_group_arn": "arn:aws:elasticloadbalancing:us-west-2:568065941114:targetgroup/tf-20190109225553905800000003/70701ae2937858e7",
                            "default_action.0.type": "forward",
                            "id": "arn:aws:elasticloadbalancing:us-west-2:568065941114:listener/app/Webapp-dev-pub-elb/e47039c13c657afa/f8dcce5b22dbae5d",
                            "load_balancer_arn": "arn:aws:elasticloadbalancing:us-west-2:568065941114:loadbalancer/app/Webapp-dev-pub-elb/e47039c13c657afa",
                            "port": "443",
                            "protocol": "HTTPS",
                            "ssl_policy": "ELBSecurityPolicy-2016-08"
                        },
                        "meta": {
                            "e2bfb730-ecaa-11e6-8f88-34363bc7c4c0": {
                                "read": 600000000000
                            }
                        },
                        "tainted": false
                    },
                    "deposed": [],
                    "provider": "provider.aws"
                },
                "aws_alb_listener_rule.listener_rule_http": {
                    "type": "aws_alb_listener_rule",
                    "depends_on": [
                        "aws_alb_listener.listenerHttp",
                        "aws_alb_target_group.tgHttp"
                    ],
                    "primary": {
                        "id": "arn:aws:elasticloadbalancing:us-west-2:568065941114:listener-rule/app/Webapp-dev-pub-elb/e47039c13c657afa/f11e15fd5e45a965/fc4d786c3c9e38da",
                        "attributes": {
                            "action.#": "1",
                            "action.0.authenticate_cognito.#": "0",
                            "action.0.authenticate_oidc.#": "0",
                            "action.0.fixed_response.#": "0",
                            "action.0.order": "0",
                            "action.0.redirect.#": "0",
                            "action.0.target_group_arn": "arn:aws:elasticloadbalancing:us-west-2:568065941114:targetgroup/tf-20190109225553905800000003/70701ae2937858e7",
                            "action.0.type": "forward",
                            "arn": "arn:aws:elasticloadbalancing:us-west-2:568065941114:listener-rule/app/Webapp-dev-pub-elb/e47039c13c657afa/f11e15fd5e45a965/fc4d786c3c9e38da",
                            "condition.#": "1",
                            "condition.2611135190.field": "path-pattern",
                            "condition.2611135190.values.#": "1",
                            "condition.2611135190.values.0": "/*",
                            "id": "arn:aws:elasticloadbalancing:us-west-2:568065941114:listener-rule/app/Webapp-dev-pub-elb/e47039c13c657afa/f11e15fd5e45a965/fc4d786c3c9e38da",
                            "listener_arn": "arn:aws:elasticloadbalancing:us-west-2:568065941114:listener/app/Webapp-dev-pub-elb/e47039c13c657afa/f11e15fd5e45a965",
                            "priority": "100"
                        },
                        "meta": {},
                        "tainted": false
                    },
                    "deposed": [],
                    "provider": "provider.aws"
                },
                "aws_alb_listener_rule.listener_rule_https": {
                    "type": "aws_alb_listener_rule",
                    "depends_on": [
                        "aws_alb_listener.listenerHttps",
                        "aws_alb_target_group.tgHttp"
                    ],
                    "primary": {
                        "id": "arn:aws:elasticloadbalancing:us-west-2:568065941114:listener-rule/app/Webapp-dev-pub-elb/e47039c13c657afa/f8dcce5b22dbae5d/95276cb40218dd45",
                        "attributes": {
                            "action.#": "1",
                            "action.0.authenticate_cognito.#": "0",
                            "action.0.authenticate_oidc.#": "0",
                            "action.0.fixed_response.#": "0",
                            "action.0.order": "0",
                            "action.0.redirect.#": "0",
                            "action.0.target_group_arn": "arn:aws:elasticloadbalancing:us-west-2:568065941114:targetgroup/tf-20190109225553905800000003/70701ae2937858e7",
                            "action.0.type": "forward",
                            "arn": "arn:aws:elasticloadbalancing:us-west-2:568065941114:listener-rule/app/Webapp-dev-pub-elb/e47039c13c657afa/f8dcce5b22dbae5d/95276cb40218dd45",
                            "condition.#": "1",
                            "condition.2611135190.field": "path-pattern",
                            "condition.2611135190.values.#": "1",
                            "condition.2611135190.values.0": "/*",
                            "id": "arn:aws:elasticloadbalancing:us-west-2:568065941114:listener-rule/app/Webapp-dev-pub-elb/e47039c13c657afa/f8dcce5b22dbae5d/95276cb40218dd45",
                            "listener_arn": "arn:aws:elasticloadbalancing:us-west-2:568065941114:listener/app/Webapp-dev-pub-elb/e47039c13c657afa/f8dcce5b22dbae5d",
                            "priority": "100"
                        },
                        "meta": {},
                        "tainted": false
                    },
                    "deposed": [],
                    "provider": "provider.aws"
                },
                "aws_alb_target_group.tgHttp": {
                    "type": "aws_alb_target_group",
                    "depends_on": [
                        "data.aws_vpc.myorg"
                    ],
                    "primary": {
                        "id": "arn:aws:elasticloadbalancing:us-west-2:568065941114:targetgroup/tf-20190109225553905800000003/70701ae2937858e7",
                        "attributes": {
                            "arn": "arn:aws:elasticloadbalancing:us-west-2:568065941114:targetgroup/tf-20190109225553905800000003/70701ae2937858e7",
                            "arn_suffix": "targetgroup/tf-20190109225553905800000003/70701ae2937858e7",
                            "deregistration_delay": "300",
                            "health_check.#": "1",
                            "health_check.0.healthy_threshold": "2",
                            "health_check.0.interval": "300",
                            "health_check.0.matcher": "200",
                            "health_check.0.path": "/",
                            "health_check.0.port": "traffic-port",
                            "health_check.0.protocol": "HTTP",
                            "health_check.0.timeout": "60",
                            "health_check.0.unhealthy_threshold": "10",
                            "id": "arn:aws:elasticloadbalancing:us-west-2:568065941114:targetgroup/tf-20190109225553905800000003/70701ae2937858e7",
                            "name": "tf-20190109225553905800000003",
                            "port": "80",
                            "protocol": "HTTP",
                            "proxy_protocol_v2": "false",
                            "slow_start": "0",
                            "stickiness.#": "1",
                            "stickiness.0.cookie_duration": "86400",
                            "stickiness.0.enabled": "false",
                            "stickiness.0.type": "lb_cookie",
                            "tags.%": "0",
                            "target_type": "instance",
                            "vpc_id": "vpc-ee7e9588"
                        },
                        "meta": {},
                        "tainted": false
                    },
                    "deposed": [],
                    "provider": "provider.aws"
                },
                "aws_autoscaling_group.webapp_v1": {
                    "type": "aws_autoscaling_group",
                    "depends_on": [
                        "aws_alb_target_group.tgHttp",
                        "aws_launch_configuration.launchWebapp",
                        "data.aws_subnet.private_subnet_0",
                        "data.aws_subnet.private_subnet_1",
                        "data.aws_subnet.private_subnet_2"
                    ],
                    "primary": {
                        "id": "Webapp-dev-jenkins",
                        "attributes": {
                            "arn": "arn:aws:autoscaling:us-west-2:568065941114:autoScalingGroup:aa8401e3-97f4-4dea-a866-3cce0d326a97:autoScalingGroupName/Webapp-dev-jenkins",
                            "availability_zones.#": "3",
                            "availability_zones.2050015877": "us-west-2c",
                            "availability_zones.221770259": "us-west-2b",
                            "availability_zones.2487133097": "us-west-2a",
                            "default_cooldown": "600",
                            "desired_capacity": "1",
                            "enabled_metrics.#": "5",
                            "enabled_metrics.1940933563": "GroupTotalInstances",
                            "enabled_metrics.3394537085": "GroupDesiredCapacity",
                            "enabled_metrics.3551801763": "GroupInServiceInstances",
                            "enabled_metrics.4118539418": "GroupMinSize",
                            "enabled_metrics.4136111317": "GroupMaxSize",
                            "force_delete": "false",
                            "health_check_grace_period": "900",
                            "health_check_type": "ELB",
                            "id": "Webapp-dev-jenkins",
                            "launch_configuration": "terraform-20190109225559745100000007",
                            "launch_template.#": "0",
                            "load_balancers.#": "0",
                            "max_size": "1",
                            "metrics_granularity": "1Minute",
                            "min_size": "1",
                            "name": "Webapp-dev-jenkins",
                            "placement_group": "",
                            "protect_from_scale_in": "false",
                            "service_linked_role_arn": "arn:aws:iam::568065941114:role/aws-service-role/autoscaling.amazonaws.com/AWSServiceRoleForAutoScaling",
                            "suspended_processes.#": "0",
                            "tags.#": "8",
                            "tags.0.%": "3",
                            "tags.0.key": "Name",
                            "tags.0.propagate_at_launch": "1",
                            "tags.0.value": "test-jinstance",
                            "tags.1.%": "3",
                            "tags.1.key": "Backup",
                            "tags.1.propagate_at_launch": "1",
                            "tags.1.value": "1",
                            "tags.2.%": "3",
                            "tags.2.key": "Project",
                            "tags.2.propagate_at_launch": "1",
                            "tags.2.value": "webappv1",
                            "tags.3.%": "3",
                            "tags.3.key": "Department",
                            "tags.3.propagate_at_launch": "1",
                            "tags.3.value": "DevOps Eng",
                            "tags.4.%": "3",
                            "tags.4.key": "Environment",
                            "tags.4.propagate_at_launch": "1",
                            "tags.4.value": "dev-jenkins",
                            "tags.5.%": "3",
                            "tags.5.key": "Owner",
                            "tags.5.propagate_at_launch": "1",
                            "tags.5.value": "devops@xxx.com",
                            "tags.6.%": "3",
                            "tags.6.key": "Cost Center",
                            "tags.6.propagate_at_launch": "1",
                            "tags.6.value": "CS123",
                            "tags.7.%": "3",
                            "tags.7.key": "Compliance",
                            "tags.7.propagate_at_launch": "1",
                            "tags.7.value": "No-PII",
                            "target_group_arns.#": "1",
                            "target_group_arns.206994085": "arn:aws:elasticloadbalancing:us-west-2:568065941114:targetgroup/tf-20190109225553905800000003/70701ae2937858e7",
                            "termination_policies.#": "2",
                            "termination_policies.0": "OldestLaunchConfiguration",
                            "termination_policies.1": "OldestInstance",
                            "vpc_zone_identifier.#": "3",
                            "vpc_zone_identifier.1136435507": "subnet-85a501de",
                            "vpc_zone_identifier.1680021681": "subnet-e0faa5a9",
                            "vpc_zone_identifier.3122230202": "subnet-89aeaaee",
                            "wait_for_capacity_timeout": "10m"
                        },
                        "meta": {
                            "e2bfb730-ecaa-11e6-8f88-34363bc7c4c0": {
                                "delete": 600000000000
                            }
                        },
                        "tainted": false
                    },
                    "deposed": [],
                    "provider": "provider.aws"
                },
                "aws_autoscaling_policy.autopolicy-down": {
                    "type": "aws_autoscaling_policy",
                    "depends_on": [
                        "aws_autoscaling_group.webapp_v1"
                    ],
                    "primary": {
                        "id": "dev-jenkins-autopolicy-down",
                        "attributes": {
                            "adjustment_type": "ChangeInCapacity",
                            "arn": "arn:aws:autoscaling:us-west-2:568065941114:scalingPolicy:a5829779-3a84-448f-85e2-432521118630:autoScalingGroupName/Webapp-dev-jenkins:policyName/dev-jenkins-autopolicy-down",
                            "autoscaling_group_name": "Webapp-dev-jenkins",
                            "cooldown": "300",
                            "estimated_instance_warmup": "0",
                            "id": "dev-jenkins-autopolicy-down",
                            "metric_aggregation_type": "",
                            "min_adjustment_step": "0",
                            "name": "dev-jenkins-autopolicy-down",
                            "policy_type": "SimpleScaling",
                            "scaling_adjustment": "-1",
                            "step_adjustment.#": "0",
                            "target_tracking_configuration.#": "0"
                        },
                        "meta": {},
                        "tainted": false
                    },
                    "deposed": [],
                    "provider": "provider.aws"
                },
                "aws_autoscaling_policy.autopolicy-up": {
                    "type": "aws_autoscaling_policy",
                    "depends_on": [
                        "aws_autoscaling_group.webapp_v1"
                    ],
                    "primary": {
                        "id": "dev-jenkins-autopolicy-up",
                        "attributes": {
                            "adjustment_type": "ChangeInCapacity",
                            "arn": "arn:aws:autoscaling:us-west-2:568065941114:scalingPolicy:c23362ec-0002-4862-80bf-7675e6e2acbf:autoScalingGroupName/Webapp-dev-jenkins:policyName/dev-jenkins-autopolicy-up",
                            "autoscaling_group_name": "Webapp-dev-jenkins",
                            "cooldown": "300",
                            "estimated_instance_warmup": "0",
                            "id": "dev-jenkins-autopolicy-up",
                            "metric_aggregation_type": "",
                            "min_adjustment_step": "0",
                            "name": "dev-jenkins-autopolicy-up",
                            "policy_type": "SimpleScaling",
                            "scaling_adjustment": "1",
                            "step_adjustment.#": "0",
                            "target_tracking_configuration.#": "0"
                        },
                        "meta": {},
                        "tainted": false
                    },
                    "deposed": [],
                    "provider": "provider.aws"
                },
                "aws_cloudwatch_log_group.access_log_group": {
                    "type": "aws_cloudwatch_log_group",
                    "depends_on": [],
                    "primary": {
                        "id": "webapp-dev-access",
                        "attributes": {
                            "arn": "arn:aws:logs:us-west-2:568065941114:log-group:webapp-dev-access:*",
                            "id": "webapp-dev-access",
                            "kms_key_id": "",
                            "name": "webapp-dev-access",
                            "retention_in_days": "5",
                            "tags.%": "0"
                        },
                        "meta": {},
                        "tainted": false
                    },
                    "deposed": [],
                    "provider": "provider.aws"
                },
                "aws_cloudwatch_log_group.api_log_group": {
                    "type": "aws_cloudwatch_log_group",
                    "depends_on": [],
                    "primary": {
                        "id": "webapp-dev-api",
                        "attributes": {
                            "arn": "arn:aws:logs:us-west-2:568065941114:log-group:webapp-dev-api:*",
                            "id": "webapp-dev-api",
                            "kms_key_id": "",
                            "name": "webapp-dev-api",
                            "retention_in_days": "5",
                            "tags.%": "0"
                        },
                        "meta": {},
                        "tainted": false
                    },
                    "deposed": [],
                    "provider": "provider.aws"
                },
                "aws_cloudwatch_log_group.error_log_group": {
                    "type": "aws_cloudwatch_log_group",
                    "depends_on": [],
                    "primary": {
                        "id": "webapp-dev-error",
                        "attributes": {
                            "arn": "arn:aws:logs:us-west-2:568065941114:log-group:webapp-dev-error:*",
                            "id": "webapp-dev-error",
                            "kms_key_id": "",
                            "name": "webapp-dev-error",
                            "retention_in_days": "5",
                            "tags.%": "0"
                        },
                        "meta": {},
                        "tainted": false
                    },
                    "deposed": [],
                    "provider": "provider.aws"
                },
                "aws_cloudwatch_log_metric_filter.2xx_metric_filter": {
                    "type": "aws_cloudwatch_log_metric_filter",
                    "depends_on": [
                        "aws_cloudwatch_log_group.access_log_group"
                    ],
                    "primary": {
                        "id": "2xx_metric_filter",
                        "attributes": {
                            "id": "2xx_metric_filter",
                            "log_group_name": "webapp-dev-access",
                            "metric_transformation.#": "1",
                            "metric_transformation.0.default_value": "0",
                            "metric_transformation.0.name": "Status_2XX",
                            "metric_transformation.0.namespace": "WebappMetrics",
                            "metric_transformation.0.value": "1",
                            "name": "2xx_metric_filter",
                            "pattern": "{ $.status = 2* }"
                        },
                        "meta": {},
                        "tainted": false
                    },
                    "deposed": [],
                    "provider": "provider.aws"
                },
                "aws_cloudwatch_log_metric_filter.2xx_metric_filter_bytes": {
                    "type": "aws_cloudwatch_log_metric_filter",
                    "depends_on": [
                        "aws_cloudwatch_log_group.access_log_group"
                    ],
                    "primary": {
                        "id": "2xx_metric_filter_bytes",
                        "attributes": {
                            "id": "2xx_metric_filter_bytes",
                            "log_group_name": "webapp-dev-access",
                            "metric_transformation.#": "1",
                            "metric_transformation.0.default_value": "0",
                            "metric_transformation.0.name": "body_bytes_sent",
                            "metric_transformation.0.namespace": "WebappMetrics",
                            "metric_transformation.0.value": "$.body_bytes_sent",
                            "name": "2xx_metric_filter_bytes",
                            "pattern": "{ $.status = 2* }"
                        },
                        "meta": {},
                        "tainted": false
                    },
                    "deposed": [],
                    "provider": "provider.aws"
                },
                "aws_cloudwatch_log_metric_filter.404_metric_filter": {
                    "type": "aws_cloudwatch_log_metric_filter",
                    "depends_on": [
                        "aws_cloudwatch_log_group.access_log_group"
                    ],
                    "primary": {
                        "id": "404_metric_filter",
                        "attributes": {
                            "id": "404_metric_filter",
                            "log_group_name": "webapp-dev-access",
                            "metric_transformation.#": "1",
                            "metric_transformation.0.default_value": "0",
                            "metric_transformation.0.name": "Status_404",
                            "metric_transformation.0.namespace": "WebappMetrics",
                            "metric_transformation.0.value": "1",
                            "name": "404_metric_filter",
                            "pattern": "{ $.status = 404 }"
                        },
                        "meta": {},
                        "tainted": false
                    },
                    "deposed": [],
                    "provider": "provider.aws"
                },
                "aws_cloudwatch_log_metric_filter.5xx_metric_filter": {
                    "type": "aws_cloudwatch_log_metric_filter",
                    "depends_on": [
                        "aws_cloudwatch_log_group.access_log_group"
                    ],
                    "primary": {
                        "id": "5xx_metric_filter",
                        "attributes": {
                            "id": "5xx_metric_filter",
                            "log_group_name": "webapp-dev-access",
                            "metric_transformation.#": "1",
                            "metric_transformation.0.default_value": "0",
                            "metric_transformation.0.name": "Status_5XX",
                            "metric_transformation.0.namespace": "WebappMetrics",
                            "metric_transformation.0.value": "1",
                            "name": "5xx_metric_filter",
                            "pattern": "{ $.status = 5* }"
                        },
                        "meta": {},
                        "tainted": false
                    },
                    "deposed": [],
                    "provider": "provider.aws"
                },
                "aws_cloudwatch_metric_alarm.cpualarm-down": {
                    "type": "aws_cloudwatch_metric_alarm",
                    "depends_on": [
                        "aws_autoscaling_group.webapp_v1",
                        "aws_autoscaling_policy.autopolicy-down"
                    ],
                    "primary": {
                        "id": "dev-jenkins-alarm-down",
                        "attributes": {
                            "actions_enabled": "true",
                            "alarm_actions.#": "1",
                            "alarm_actions.800511769": "arn:aws:autoscaling:us-west-2:568065941114:scalingPolicy:a5829779-3a84-448f-85e2-432521118630:autoScalingGroupName/Webapp-dev-jenkins:policyName/dev-jenkins-autopolicy-down",
                            "alarm_description": "This metric monitor EC2 instance cpu utilization",
                            "alarm_name": "dev-jenkins-alarm-down",
                            "arn": "arn:aws:cloudwatch:us-west-2:568065941114:alarm:dev-jenkins-alarm-down",
                            "comparison_operator": "LessThanOrEqualToThreshold",
                            "datapoints_to_alarm": "0",
                            "dimensions.%": "1",
                            "dimensions.AutoScalingGroupName": "Webapp-dev-jenkins",
                            "evaluate_low_sample_count_percentiles": "",
                            "evaluation_periods": "2",
                            "extended_statistic": "",
                            "id": "dev-jenkins-alarm-down",
                            "insufficient_data_actions.#": "0",
                            "metric_name": "CPUUtilization",
                            "namespace": "AWS/EC2",
                            "ok_actions.#": "0",
                            "period": "120",
                            "statistic": "Average",
                            "threshold": "10",
                            "treat_missing_data": "missing",
                            "unit": ""
                        },
                        "meta": {
                            "schema_version": "1"
                        },
                        "tainted": false
                    },
                    "deposed": [],
                    "provider": "provider.aws"
                },
                "aws_cloudwatch_metric_alarm.cpualarm-up": {
                    "type": "aws_cloudwatch_metric_alarm",
                    "depends_on": [
                        "aws_autoscaling_group.webapp_v1",
                        "aws_autoscaling_policy.autopolicy-up"
                    ],
                    "primary": {
                        "id": "dev-jenkins-alarm-up",
                        "attributes": {
                            "actions_enabled": "true",
                            "alarm_actions.#": "1",
                            "alarm_actions.1494251018": "arn:aws:autoscaling:us-west-2:568065941114:scalingPolicy:c23362ec-0002-4862-80bf-7675e6e2acbf:autoScalingGroupName/Webapp-dev-jenkins:policyName/dev-jenkins-autopolicy-up",
                            "alarm_description": "This metric monitor EC2 instance cpu utilization",
                            "alarm_name": "dev-jenkins-alarm-up",
                            "arn": "arn:aws:cloudwatch:us-west-2:568065941114:alarm:dev-jenkins-alarm-up",
                            "comparison_operator": "GreaterThanOrEqualToThreshold",
                            "datapoints_to_alarm": "0",
                            "dimensions.%": "1",
                            "dimensions.AutoScalingGroupName": "Webapp-dev-jenkins",
                            "evaluate_low_sample_count_percentiles": "",
                            "evaluation_periods": "2",
                            "extended_statistic": "",
                            "id": "dev-jenkins-alarm-up",
                            "insufficient_data_actions.#": "0",
                            "metric_name": "CPUUtilization",
                            "namespace": "AWS/EC2",
                            "ok_actions.#": "0",
                            "period": "120",
                            "statistic": "Average",
                            "threshold": "60",
                            "treat_missing_data": "missing",
                            "unit": ""
                        },
                        "meta": {
                            "schema_version": "1"
                        },
                        "tainted": false
                    },
                    "deposed": [],
                    "provider": "provider.aws"
                },
                "aws_iam_instance_profile.WebappInstanceProfile": {
                    "type": "aws_iam_instance_profile",
                    "depends_on": [
                        "aws_iam_role.WebappRole"
                    ],
                    "primary": {
                        "id": "terraform-20190109225554802900000004",
                        "attributes": {
                            "arn": "arn:aws:iam::568065941114:instance-profile/terraform-20190109225554802900000004",
                            "create_date": "2019-01-09T22:55:57Z",
                            "id": "terraform-20190109225554802900000004",
                            "name": "terraform-20190109225554802900000004",
                            "path": "/",
                            "role": "jenkins_v1_role-dev-jenkins",
                            "roles.#": "0",
                            "unique_id": "AIPAJ5E4CYLALKDPHF5LA"
                        },
                        "meta": {},
                        "tainted": false
                    },
                    "deposed": [],
                    "provider": "provider.aws"
                },
                "aws_iam_policy.root": {
                    "type": "aws_iam_policy",
                    "depends_on": [],
                    "primary": {
                        "id": "arn:aws:iam::568065941114:policy/terraform-20190109225553904100000001",
                        "attributes": {
                            "arn": "arn:aws:iam::568065941114:policy/terraform-20190109225553904100000001",
                            "description": "",
                            "id": "arn:aws:iam::568065941114:policy/terraform-20190109225553904100000001",
                            "name": "terraform-20190109225553904100000001",
                            "path": "/",
                            "policy": "{\n    \"Version\": \"2012-10-17\",\n    \"Statement\": [{\n        \"Effect\": \"Allow\",\n        \"Action\": [\n            \"ec2:DescribeInstances\",\n            \"ec2:DescribeVolumes\",\n            \"ec2:DescribeTags\",\n            \"ec2:AttachVolume\",\n            \"ec2:DetachVolume\",\n            \"cloudformation:DescribeStacks\",\n            \"kms:Decrypt\",\n            \"sts:AssumeRole\",\n            \"iam:GetUser\",\n            \"iam:PassRole\",\n            \"s3:*\"\n        ],\n        \"Resource\": \"*\"\n    }, {\n        \"Effect\": \"Allow\",\n        \"Action\": [\n            \"logs:Create*\",\n            \"logs:PutLogEvents\",\n            \"logs:DescribeLogStreams\"\n        ],\n        \"Resource\": \"arn:aws:logs:*:*:*\"\n    }, {\n        \"Action\": [\n            \"s3:GetObject\",\n            \"s3:PutObject\",\n            \"s3:DeleteObject\",\n            \"s3:ListBucket\"\n        ],\n        \"Effect\": \"Allow\",\n        \"Resource\": [\n          \"arn:aws:s3:::*\"\n        ]\n    }]\n}\n"
                        },
                        "meta": {},
                        "tainted": false
                    },
                    "deposed": [],
                    "provider": "provider.aws"
                },
                "aws_iam_role.WebappRole": {
                    "type": "aws_iam_role",
                    "depends_on": [],
                    "primary": {
                        "id": "jenkins_v1_role-dev-jenkins",
                        "attributes": {
                            "arn": "arn:aws:iam::568065941114:role/jenkins_v1_role-dev-jenkins",
                            "assume_role_policy": "{\"Version\":\"2012-10-17\",\"Statement\":[{\"Effect\":\"Allow\",\"Principal\":{\"Service\":\"ec2.amazonaws.com\"},\"Action\":\"sts:AssumeRole\"}]}",
                            "create_date": "2019-01-09T22:55:56Z",
                            "description": "",
                            "force_detach_policies": "false",
                            "id": "jenkins_v1_role-dev-jenkins",
                            "max_session_duration": "3600",
                            "name": "jenkins_v1_role-dev-jenkins",
                            "path": "/",
                            "unique_id": "AROAJDFRVNYA6LE5E33LC"
                        },
                        "meta": {},
                        "tainted": false
                    },
                    "deposed": [],
                    "provider": "provider.aws"
                },
                "aws_iam_role_policy_attachment.root_policy_attach": {
                    "type": "aws_iam_role_policy_attachment",
                    "depends_on": [
                        "aws_iam_policy.root",
                        "aws_iam_role.WebappRole"
                    ],
                    "primary": {
                        "id": "jenkins_v1_role-dev-jenkins-20190109225556024700000005",
                        "attributes": {
                            "id": "jenkins_v1_role-dev-jenkins-20190109225556024700000005",
                            "policy_arn": "arn:aws:iam::568065941114:policy/terraform-20190109225553904100000001",
                            "role": "jenkins_v1_role-dev-jenkins"
                        },
                        "meta": {},
                        "tainted": false
                    },
                    "deposed": [],
                    "provider": "provider.aws"
                },
                "aws_launch_configuration.launchWebapp": {
                    "type": "aws_launch_configuration",
                    "depends_on": [
                        "aws_iam_instance_profile.WebappInstanceProfile",
                        "aws_security_group.sgWebappEc2",
                        "data.template_file.init"
                    ],
                    "primary": {
                        "id": "terraform-20190109225559745100000007",
                        "attributes": {
                            "associate_public_ip_address": "false",
                            "ebs_block_device.#": "0",
                            "ebs_optimized": "false",
                            "enable_monitoring": "true",
                            "ephemeral_block_device.#": "0",
                            "iam_instance_profile": "terraform-20190109225554802900000004",
                            "id": "terraform-20190109225559745100000007",
                            "image_id": "ami-0d1000aff9a9bad89",
                            "instance_type": "t2.medium",
                            "key_name": "emdevops",
                            "name": "terraform-20190109225559745100000007",
                            "placement_tenancy": "default",
                            "root_block_device.#": "1",
                            "root_block_device.0.delete_on_termination": "true",
                            "root_block_device.0.iops": "0",
                            "root_block_device.0.volume_size": "0",
                            "root_block_device.0.volume_type": "gp2",
                            "security_groups.#": "1",
                            "security_groups.765115625": "sg-0ea279467406ec41f",
                            "spot_price": "",
                            "user_data": "a30f6c920092cad6c6c90d2dcd5d2125cf4203d7",
                            "vpc_classic_link_id": "",
                            "vpc_classic_link_security_groups.#": "0"
                        },
                        "meta": {},
                        "tainted": false
                    },
                    "deposed": [],
                    "provider": "provider.aws"
                },
                "aws_lb.alb": {
                    "type": "aws_lb",
                    "depends_on": [
                        "aws_security_group.sgWebappElb",
                        "data.aws_subnet.private_subnet_0",
                        "data.aws_subnet.private_subnet_1",
                        "data.aws_subnet.private_subnet_2"
                    ],
                    "primary": {
                        "id": "arn:aws:elasticloadbalancing:us-west-2:568065941114:loadbalancer/app/Webapp-dev-pub-elb/e47039c13c657afa",
                        "attributes": {
                            "access_logs.#": "0",
                            "arn": "arn:aws:elasticloadbalancing:us-west-2:568065941114:loadbalancer/app/Webapp-dev-pub-elb/e47039c13c657afa",
                            "arn_suffix": "app/Webapp-dev-pub-elb/e47039c13c657afa",
                            "dns_name": "internal-Webapp-dev-pub-elb-1874650569.us-west-2.elb.amazonaws.com",
                            "enable_deletion_protection": "false",
                            "enable_http2": "true",
                            "id": "arn:aws:elasticloadbalancing:us-west-2:568065941114:loadbalancer/app/Webapp-dev-pub-elb/e47039c13c657afa",
                            "idle_timeout": "60",
                            "internal": "true",
                            "ip_address_type": "ipv4",
                            "load_balancer_type": "application",
                            "name": "Webapp-dev-pub-elb",
                            "security_groups.#": "1",
                            "security_groups.1249137825": "sg-09e3946d53cbc6a9d",
                            "subnet_mapping.#": "0",
                            "subnets.#": "3",
                            "subnets.1136435507": "subnet-85a501de",
                            "subnets.1680021681": "subnet-e0faa5a9",
                            "subnets.3122230202": "subnet-89aeaaee",
                            "tags.%": "1",
                            "tags.Name": "jenkins-alb-dev-jenkins",
                            "vpc_id": "vpc-ee7e9588",
                            "zone_id": "Z1H1FL5HABSF5"
                        },
                        "meta": {
                            "e2bfb730-ecaa-11e6-8f88-34363bc7c4c0": {
                                "create": 600000000000,
                                "delete": 600000000000,
                                "update": 600000000000
                            }
                        },
                        "tainted": false
                    },
                    "deposed": [],
                    "provider": "provider.aws"
                },
                "aws_route53_record.record_set": {
                    "type": "aws_route53_record",
                    "depends_on": [
                        "aws_lb.alb",
                        "data.aws_route53_zone.parent"
                    ],
                    "primary": {
                        "id": "Z2GXW5PUHJ7WHR_dev.jenkins.devops.elliemae.io_A",
                        "attributes": {
                            "alias.#": "1",
                            "alias.1392905418.evaluate_target_health": "false",
                            "alias.1392905418.name": "internal-Webapp-dev-pub-elb-1874650569.us-west-2.elb.amazonaws.com",
                            "alias.1392905418.zone_id": "Z1H1FL5HABSF5",
                            "allow_overwrite": "true",
                            "fqdn": "dev.jenkins.devops.elliemae.io",
                            "id": "Z2GXW5PUHJ7WHR_dev.jenkins.devops.elliemae.io_A",
                            "name": "dev.jenkins.devops.elliemae.io",
                            "type": "A",
                            "zone_id": "Z2GXW5PUHJ7WHR"
                        },
                        "meta": {
                            "schema_version": "2"
                        },
                        "tainted": false
                    },
                    "deposed": [],
                    "provider": "provider.aws"
                },
                "aws_s3_bucket.s3bucket_jenkins": {
                    "type": "aws_s3_bucket",
                    "depends_on": [],
                    "primary": {
                        "id": "s3fs-em-devops-us-west-2-jenkins-dev",
                        "attributes": {
                            "acceleration_status": "",
                            "acl": "private",
                            "arn": "arn:aws:s3:::s3fs-em-devops-us-west-2-jenkins-dev",
                            "bucket": "s3fs-em-devops-us-west-2-jenkins-dev",
                            "bucket_domain_name": "s3fs-em-devops-us-west-2-jenkins-dev.s3.amazonaws.com",
                            "bucket_regional_domain_name": "s3fs-em-devops-us-west-2-jenkins-dev.s3.us-west-2.amazonaws.com",
                            "cors_rule.#": "0",
                            "force_destroy": "true",
                            "hosted_zone_id": "Z3BJ6K6RIION7M",
                            "id": "s3fs-em-devops-us-west-2-jenkins-dev",
                            "lifecycle_rule.#": "0",
                            "logging.#": "0",
                            "region": "us-west-2",
                            "replication_configuration.#": "0",
                            "request_payer": "BucketOwner",
                            "server_side_encryption_configuration.#": "0",
                            "tags.%": "2",
                            "tags.Environment": "us-west-2",
                            "tags.Name": "jenkins_ec2_s3_mount",
                            "versioning.#": "1",
                            "versioning.0.enabled": "false",
                            "versioning.0.mfa_delete": "false",
                            "website.#": "0"
                        },
                        "meta": {},
                        "tainted": false
                    },
                    "deposed": [],
                    "provider": "provider.aws"
                },
                "aws_security_group.sgWebappEc2": {
                    "type": "aws_security_group",
                    "depends_on": [
                        "aws_security_group.sgWebappElb",
                        "data.aws_vpc.myorg"
                    ],
                    "primary": {
                        "id": "sg-0ea279467406ec41f",
                        "attributes": {
                            "arn": "arn:aws:ec2:us-west-2:568065941114:security-group/sg-0ea279467406ec41f",
                            "description": "Security Group for Webapp v1 instances",
                            "egress.#": "1",
                            "egress.482069346.cidr_blocks.#": "1",
                            "egress.482069346.cidr_blocks.0": "0.0.0.0/0",
                            "egress.482069346.description": "",
                            "egress.482069346.from_port": "0",
                            "egress.482069346.ipv6_cidr_blocks.#": "0",
                            "egress.482069346.prefix_list_ids.#": "0",
                            "egress.482069346.protocol": "-1",
                            "egress.482069346.security_groups.#": "0",
                            "egress.482069346.self": "false",
                            "egress.482069346.to_port": "0",
                            "id": "sg-0ea279467406ec41f",
                            "ingress.#": "4",
                            "ingress.179083333.cidr_blocks.#": "1",
                            "ingress.179083333.cidr_blocks.0": "10.0.0.0/8",
                            "ingress.179083333.description": "",
                            "ingress.179083333.from_port": "22",
                            "ingress.179083333.ipv6_cidr_blocks.#": "0",
                            "ingress.179083333.prefix_list_ids.#": "0",
                            "ingress.179083333.protocol": "tcp",
                            "ingress.179083333.security_groups.#": "0",
                            "ingress.179083333.self": "false",
                            "ingress.179083333.to_port": "22",
                            "ingress.195912805.cidr_blocks.#": "0",
                            "ingress.195912805.description": "",
                            "ingress.195912805.from_port": "80",
                            "ingress.195912805.ipv6_cidr_blocks.#": "0",
                            "ingress.195912805.prefix_list_ids.#": "0",
                            "ingress.195912805.protocol": "tcp",
                            "ingress.195912805.security_groups.#": "1",
                            "ingress.195912805.security_groups.1249137825": "sg-09e3946d53cbc6a9d",
                            "ingress.195912805.self": "false",
                            "ingress.195912805.to_port": "80",
                            "ingress.2186059159.cidr_blocks.#": "0",
                            "ingress.2186059159.description": "",
                            "ingress.2186059159.from_port": "443",
                            "ingress.2186059159.ipv6_cidr_blocks.#": "0",
                            "ingress.2186059159.prefix_list_ids.#": "0",
                            "ingress.2186059159.protocol": "tcp",
                            "ingress.2186059159.security_groups.#": "1",
                            "ingress.2186059159.security_groups.1249137825": "sg-09e3946d53cbc6a9d",
                            "ingress.2186059159.self": "false",
                            "ingress.2186059159.to_port": "443",
                            "ingress.3128968423.cidr_blocks.#": "1",
                            "ingress.3128968423.cidr_blocks.0": "10.0.0.0/8",
                            "ingress.3128968423.description": "",
                            "ingress.3128968423.from_port": "-1",
                            "ingress.3128968423.ipv6_cidr_blocks.#": "0",
                            "ingress.3128968423.prefix_list_ids.#": "0",
                            "ingress.3128968423.protocol": "icmp",
                            "ingress.3128968423.security_groups.#": "0",
                            "ingress.3128968423.self": "false",
                            "ingress.3128968423.to_port": "-1",
                            "name": "terraform-20190109225556883200000006",
                            "owner_id": "568065941114",
                            "revoke_rules_on_delete": "false",
                            "tags.%": "0",
                            "vpc_id": "vpc-ee7e9588"
                        },
                        "meta": {
                            "e2bfb730-ecaa-11e6-8f88-34363bc7c4c0": {
                                "create": 600000000000,
                                "delete": 600000000000
                            },
                            "schema_version": "1"
                        },
                        "tainted": false
                    },
                    "deposed": [],
                    "provider": "provider.aws"
                },
                "aws_security_group.sgWebappElb": {
                    "type": "aws_security_group",
                    "depends_on": [
                        "data.aws_vpc.myorg"
                    ],
                    "primary": {
                        "id": "sg-09e3946d53cbc6a9d",
                        "attributes": {
                            "arn": "arn:aws:ec2:us-west-2:568065941114:security-group/sg-09e3946d53cbc6a9d",
                            "description": "Security Group for 1 ELB",
                            "egress.#": "1",
                            "egress.482069346.cidr_blocks.#": "1",
                            "egress.482069346.cidr_blocks.0": "0.0.0.0/0",
                            "egress.482069346.description": "",
                            "egress.482069346.from_port": "0",
                            "egress.482069346.ipv6_cidr_blocks.#": "0",
                            "egress.482069346.prefix_list_ids.#": "0",
                            "egress.482069346.protocol": "-1",
                            "egress.482069346.security_groups.#": "0",
                            "egress.482069346.self": "false",
                            "egress.482069346.to_port": "0",
                            "id": "sg-09e3946d53cbc6a9d",
                            "ingress.#": "2",
                            "ingress.2214680975.cidr_blocks.#": "1",
                            "ingress.2214680975.cidr_blocks.0": "0.0.0.0/0",
                            "ingress.2214680975.description": "",
                            "ingress.2214680975.from_port": "80",
                            "ingress.2214680975.ipv6_cidr_blocks.#": "0",
                            "ingress.2214680975.prefix_list_ids.#": "0",
                            "ingress.2214680975.protocol": "tcp",
                            "ingress.2214680975.security_groups.#": "0",
                            "ingress.2214680975.self": "false",
                            "ingress.2214680975.to_port": "80",
                            "ingress.2617001939.cidr_blocks.#": "1",
                            "ingress.2617001939.cidr_blocks.0": "0.0.0.0/0",
                            "ingress.2617001939.description": "",
                            "ingress.2617001939.from_port": "443",
                            "ingress.2617001939.ipv6_cidr_blocks.#": "0",
                            "ingress.2617001939.prefix_list_ids.#": "0",
                            "ingress.2617001939.protocol": "tcp",
                            "ingress.2617001939.security_groups.#": "0",
                            "ingress.2617001939.self": "false",
                            "ingress.2617001939.to_port": "443",
                            "name": "terraform-20190109225553905100000002",
                            "owner_id": "568065941114",
                            "revoke_rules_on_delete": "false",
                            "tags.%": "0",
                            "vpc_id": "vpc-ee7e9588"
                        },
                        "meta": {
                            "e2bfb730-ecaa-11e6-8f88-34363bc7c4c0": {
                                "create": 600000000000,
                                "delete": 600000000000
                            },
                            "schema_version": "1"
                        },
                        "tainted": false
                    },
                    "deposed": [],
                    "provider": "provider.aws"
                },
                "data.aws_availability_zones.all": {
                    "type": "aws_availability_zones",
                    "depends_on": [],
                    "primary": {
                        "id": "2019-01-09 22:55:50.247225 +0000 UTC",
                        "attributes": {
                            "id": "2019-01-09 22:55:50.247225 +0000 UTC",
                            "names.#": "3",
                            "names.0": "us-west-2a",
                            "names.1": "us-west-2b",
                            "names.2": "us-west-2c"
                        },
                        "meta": {},
                        "tainted": false
                    },
                    "deposed": [],
                    "provider": "provider.aws"
                },
                "data.aws_caller_identity.current": {
                    "type": "aws_caller_identity",
                    "depends_on": [],
                    "primary": {
                        "id": "2019-01-09 22:55:50.600958 +0000 UTC",
                        "attributes": {
                            "account_id": "568065941114",
                            "arn": "arn:aws:iam::568065941114:user/em-devops-dev-jenkins",
                            "id": "2019-01-09 22:55:50.600958 +0000 UTC",
                            "user_id": "AIDAJU5X6YO37TR4BE23C"
                        },
                        "meta": {},
                        "tainted": false
                    },
                    "deposed": [],
                    "provider": "provider.aws"
                },
                "data.aws_route53_zone.parent": {
                    "type": "aws_route53_zone",
                    "depends_on": [],
                    "primary": {
                        "id": "Z2GXW5PUHJ7WHR",
                        "attributes": {
                            "caller_reference": "2018-05-01 10:50:11.048294",
                            "comment": "PC-4093 by jbaker",
                            "id": "Z2GXW5PUHJ7WHR",
                            "name": "devops.elliemae.io.",
                            "name_servers.#": "4",
                            "name_servers.0": "ns-116.awsdns-14.com",
                            "name_servers.1": "ns-1545.awsdns-01.co.uk",
                            "name_servers.2": "ns-1389.awsdns-45.org",
                            "name_servers.3": "ns-595.awsdns-10.net",
                            "private_zone": "false",
                            "resource_record_set_count": "8",
                            "zone_id": "Z2GXW5PUHJ7WHR"
                        },
                        "meta": {},
                        "tainted": false
                    },
                    "deposed": [],
                    "provider": "provider.aws"
                },
                "data.aws_subnet.private_subnet_0": {
                    "type": "aws_subnet",
                    "depends_on": [
                        "data.aws_vpc.myorg"
                    ],
                    "primary": {
                        "id": "subnet-89aeaaee",
                        "attributes": {
                            "arn": "arn:aws:ec2:us-west-2:568065941114:subnet/subnet-89aeaaee",
                            "assign_ipv6_address_on_creation": "false",
                            "availability_zone": "us-west-2a",
                            "cidr_block": "10.200.40.96/27",
                            "default_for_az": "false",
                            "filter.#": "1",
                            "filter.787444477.name": "tag:Name",
                            "filter.787444477.values.#": "1",
                            "filter.787444477.values.4259186353": "Private0*",
                            "id": "subnet-89aeaaee",
                            "map_public_ip_on_launch": "false",
                            "state": "available",
                            "tags.%": "1",
                            "tags.Name": "Private0(us-west-2a)",
                            "vpc_id": "vpc-ee7e9588"
                        },
                        "meta": {},
                        "tainted": false
                    },
                    "deposed": [],
                    "provider": "provider.aws"
                },
                "data.aws_subnet.private_subnet_1": {
                    "type": "aws_subnet",
                    "depends_on": [
                        "data.aws_vpc.myorg"
                    ],
                    "primary": {
                        "id": "subnet-e0faa5a9",
                        "attributes": {
                            "arn": "arn:aws:ec2:us-west-2:568065941114:subnet/subnet-e0faa5a9",
                            "assign_ipv6_address_on_creation": "false",
                            "availability_zone": "us-west-2b",
                            "cidr_block": "10.200.40.128/27",
                            "default_for_az": "false",
                            "filter.#": "1",
                            "filter.328162125.name": "tag:Name",
                            "filter.328162125.values.#": "1",
                            "filter.328162125.values.4229721222": "Private1*",
                            "id": "subnet-e0faa5a9",
                            "map_public_ip_on_launch": "false",
                            "state": "available",
                            "tags.%": "1",
                            "tags.Name": "Private1(us-west-2b)",
                            "vpc_id": "vpc-ee7e9588"
                        },
                        "meta": {},
                        "tainted": false
                    },
                    "deposed": [],
                    "provider": "provider.aws"
                },
                "data.aws_subnet.private_subnet_2": {
                    "type": "aws_subnet",
                    "depends_on": [
                        "data.aws_vpc.myorg"
                    ],
                    "primary": {
                        "id": "subnet-85a501de",
                        "attributes": {
                            "arn": "arn:aws:ec2:us-west-2:568065941114:subnet/subnet-85a501de",
                            "assign_ipv6_address_on_creation": "false",
                            "availability_zone": "us-west-2c",
                            "cidr_block": "10.200.40.160/27",
                            "default_for_az": "false",
                            "filter.#": "1",
                            "filter.1412374941.name": "tag:Name",
                            "filter.1412374941.values.#": "1",
                            "filter.1412374941.values.4267365087": "Private2*",
                            "id": "subnet-85a501de",
                            "map_public_ip_on_launch": "false",
                            "state": "available",
                            "tags.%": "1",
                            "tags.Name": "Private2(us-west-2c)",
                            "vpc_id": "vpc-ee7e9588"
                        },
                        "meta": {},
                        "tainted": false
                    },
                    "deposed": [],
                    "provider": "provider.aws"
                },
                "data.aws_subnet.public_subnet_0": {
                    "type": "aws_subnet",
                    "depends_on": [
                        "data.aws_vpc.myorg"
                    ],
                    "primary": {
                        "id": "subnet-d7a8acb0",
                        "attributes": {
                            "arn": "arn:aws:ec2:us-west-2:568065941114:subnet/subnet-d7a8acb0",
                            "assign_ipv6_address_on_creation": "false",
                            "availability_zone": "us-west-2a",
                            "cidr_block": "10.200.40.0/27",
                            "default_for_az": "false",
                            "filter.#": "1",
                            "filter.536144450.name": "tag:Name",
                            "filter.536144450.values.#": "1",
                            "filter.536144450.values.1414452620": "Public0*",
                            "id": "subnet-d7a8acb0",
                            "map_public_ip_on_launch": "false",
                            "state": "available",
                            "tags.%": "1",
                            "tags.Name": "Public0(us-west-2a)",
                            "vpc_id": "vpc-ee7e9588"
                        },
                        "meta": {},
                        "tainted": false
                    },
                    "deposed": [],
                    "provider": "provider.aws"
                },
                "data.aws_subnet.public_subnet_1": {
                    "type": "aws_subnet",
                    "depends_on": [
                        "data.aws_vpc.myorg"
                    ],
                    "primary": {
                        "id": "subnet-42f7a80b",
                        "attributes": {
                            "arn": "arn:aws:ec2:us-west-2:568065941114:subnet/subnet-42f7a80b",
                            "assign_ipv6_address_on_creation": "false",
                            "availability_zone": "us-west-2b",
                            "cidr_block": "10.200.40.32/27",
                            "default_for_az": "false",
                            "filter.#": "1",
                            "filter.580174834.name": "tag:Name",
                            "filter.580174834.values.#": "1",
                            "filter.580174834.values.1435287483": "Public1*",
                            "id": "subnet-42f7a80b",
                            "map_public_ip_on_launch": "false",
                            "state": "available",
                            "tags.%": "1",
                            "tags.Name": "Public1(us-west-2b)",
                            "vpc_id": "vpc-ee7e9588"
                        },
                        "meta": {},
                        "tainted": false
                    },
                    "deposed": [],
                    "provider": "provider.aws"
                },
                "data.aws_subnet.public_subnet_2": {
                    "type": "aws_subnet",
                    "depends_on": [
                        "data.aws_vpc.myorg"
                    ],
                    "primary": {
                        "id": "subnet-82a004d9",
                        "attributes": {
                            "arn": "arn:aws:ec2:us-west-2:568065941114:subnet/subnet-82a004d9",
                            "assign_ipv6_address_on_creation": "false",
                            "availability_zone": "us-west-2c",
                            "cidr_block": "10.200.40.64/27",
                            "default_for_az": "false",
                            "filter.#": "1",
                            "filter.1697954082.name": "tag:Name",
                            "filter.1697954082.values.#": "1",
                            "filter.1697954082.values.1472856546": "Public2*",
                            "id": "subnet-82a004d9",
                            "map_public_ip_on_launch": "false",
                            "state": "available",
                            "tags.%": "1",
                            "tags.Name": "Public2(us-west-2c)",
                            "vpc_id": "vpc-ee7e9588"
                        },
                        "meta": {},
                        "tainted": false
                    },
                    "deposed": [],
                    "provider": "provider.aws"
                },
                "data.aws_vpc.myorg": {
                    "type": "aws_vpc",
                    "depends_on": [],
                    "primary": {
                        "id": "vpc-ee7e9588",
                        "attributes": {
                            "arn": "arn:aws:ec2:us-west-2:568065941114:vpc/vpc-ee7e9588",
                            "cidr_block": "10.200.40.0/24",
                            "cidr_block_associations.#": "1",
                            "cidr_block_associations.0.association_id": "vpc-cidr-assoc-8b9735e3",
                            "cidr_block_associations.0.cidr_block": "10.200.40.0/24",
                            "cidr_block_associations.0.state": "associated",
                            "default": "false",
                            "dhcp_options_id": "dopt-2e9f3748",
                            "enable_dns_hostnames": "true",
                            "enable_dns_support": "true",
                            "id": "vpc-ee7e9588",
                            "instance_tenancy": "default",
                            "state": "available",
                            "tags.%": "1",
                            "tags.Name": "elmae-default"
                        },
                        "meta": {},
                        "tainted": false
                    },
                    "deposed": [],
                    "provider": "provider.aws"
                },
                "data.template_file.init": {
                    "type": "template_file",
                    "depends_on": [
                        "aws_s3_bucket.s3bucket_jenkins"
                    ],
                    "primary": {
                        "id": "d24c174853fd604dbd2eff1b871d40a3a68f70705af4df1df8803f69d9cdfc01",
                        "attributes": {
                            "id": "d24c174853fd604dbd2eff1b871d40a3a68f70705af4df1df8803f69d9cdfc01",
                            "rendered": "#!/bin/bash -v\n\necho \"*****Begin executing*** \"\necho \"Wait a bit for the network\"\nsleep 15s\n\necho \"list data template variable\"\necho us-west-2\necho s3fs-em-devops-us-west-2-jenkins-dev\n\naws configure set default.region us-west-2\nyum update -y\nyum install docker -y\nservice docker start\necho \"docker setup \u0026 started\"\ndocker version\nchmod 766 /var/run/docker.sock\n\n\ncurl -L \"https://github.com/docker/compose/releases/download/1.22.0/docker-compose-$(uname -s)-$(uname -m)\" -o /usr/local/bin/docker-compose\nchmod +x /usr/local/bin/docker-compose\necho \"docker-compose setup\"\ndocker-compose -v\n\nInstanceID=$(curl -s http://169.254.169.254/latest/meta-data/instance-id)\nmkdir -p /var/jenkins_home/\n\ncurl -O -L https://s3-us-west-2.amazonaws.com/em-devops-terraform/utilities/jenkins/jenkins.zip\nunzip jenkins.zip\ncd jenkins\npwd\nls\n\n./create_jenkins_stack_docker.sh up\n\nsleep 60s\n\necho \"s3 bucket mounting as ec2 volume\"\nyum install -y gcc libstdc++-devel gcc-c++ fuse fuse-devel curl-devel libxml2-devel mailcap automake openssl-devel git\ngit clone https://github.com/s3fs-fuse/s3fs-fuse\ncd s3fs-fuse/\n./autogen.sh\n./configure --prefix=/usr --with-openssl\nmake\nmake install\n\ns3fs --version\ns3fs -o iam_role=\"$( curl -s http://169.254.169.254/latest/meta-data/iam/security-credentials/ )\" -o url=\"https://s3.us-west-2.amazonaws.com\" -o endpoint=us-west-2 -o dbglevel=info -o curldbg -o allow_other -o use_cache=/tmp -o nonempty s3fs-em-devops-us-west-2-jenkins-dev /var/jenkins_home\nps -aef | grep s3fs\n\n#service docker stop\n#service docker start\n\necho \"user_data is done\"\n",
                            "template": "#!/bin/bash -v\n\necho \"*****Begin executing*** \"\necho \"Wait a bit for the network\"\nsleep 15s\n\necho \"list data template variable\"\necho ${region}\necho ${jenkins_s3_bucket}\n\naws configure set default.region ${region}\nyum update -y\nyum install docker -y\nservice docker start\necho \"docker setup \u0026 started\"\ndocker version\nchmod 766 /var/run/docker.sock\n\n\ncurl -L \"https://github.com/docker/compose/releases/download/1.22.0/docker-compose-$(uname -s)-$(uname -m)\" -o /usr/local/bin/docker-compose\nchmod +x /usr/local/bin/docker-compose\necho \"docker-compose setup\"\ndocker-compose -v\n\nInstanceID=$(curl -s http://169.254.169.254/latest/meta-data/instance-id)\nmkdir -p /var/jenkins_home/\n\ncurl -O -L https://s3-us-west-2.amazonaws.com/em-devops-terraform/utilities/jenkins/jenkins.zip\nunzip jenkins.zip\ncd jenkins\npwd\nls\n\n./create_jenkins_stack_docker.sh up\n\nsleep 60s\n\necho \"s3 bucket mounting as ec2 volume\"\nyum install -y gcc libstdc++-devel gcc-c++ fuse fuse-devel curl-devel libxml2-devel mailcap automake openssl-devel git\ngit clone https://github.com/s3fs-fuse/s3fs-fuse\ncd s3fs-fuse/\n./autogen.sh\n./configure --prefix=/usr --with-openssl\nmake\nmake install\n\ns3fs --version\ns3fs -o iam_role=\"$( curl -s http://169.254.169.254/latest/meta-data/iam/security-credentials/ )\" -o url=\"https://s3.${region}.amazonaws.com\" -o endpoint=${region} -o dbglevel=info -o curldbg -o allow_other -o use_cache=/tmp -o nonempty ${jenkins_s3_bucket} /var/jenkins_home\nps -aef | grep s3fs\n\n#service docker stop\n#service docker start\n\necho \"user_data is done\"\n",
                            "vars.%": "2",
                            "vars.jenkins_s3_bucket": "s3fs-em-devops-us-west-2-jenkins-dev",
                            "vars.region": "us-west-2"
                        },
                        "meta": {},
                        "tainted": false
                    },
                    "deposed": [],
                    "provider": "provider.template"
                },
                "random_id.server": {
                    "type": "random_id",
                    "depends_on": [],
                    "primary": {
                        "id": "THZZ6WzmODA",
                        "attributes": {
                            "b64": "THZZ6WzmODA",
                            "b64_std": "THZZ6WzmODA=",
                            "b64_url": "THZZ6WzmODA",
                            "byte_length": "8",
                            "dec": "5509690053223659568",
                            "hex": "4c7659e96ce63830",
                            "id": "THZZ6WzmODA"
                        },
                        "meta": {},
                        "tainted": false
                    },
                    "deposed": [],
                    "provider": "provider.random"
                }
            },
            "depends_on": []
        }
    ]
}
